// !$*UTF8*$!
{
	archiveVersion = 1;
	classes = {
	};
	objectVersion = 51;
	objects = {

/* Begin PBXBuildFile section */
		59A118753A3D01EBA7FE84B5 /* Pods_FixItTests.framework in Frameworks */ = {isa = PBXBuildFile; fileRef = C49C5D96728A12A51CDB3E83 /* Pods_FixItTests.framework */; };
		5E52977BDEC68F0AB1E9AF55 /* Pods_FixIt.framework in Frameworks */ = {isa = PBXBuildFile; fileRef = 91E1252003420E24F62C9DEE /* Pods_FixIt.framework */; };
		BD0F15A924AAC72F00D59E43 /* NewTaskHelper.swift in Sources */ = {isa = PBXBuildFile; fileRef = BD0F15A824AAC72F00D59E43 /* NewTaskHelper.swift */; };
		BD15F9E02564225400D59CC4 /* LocationManagerProtocol.swift in Sources */ = {isa = PBXBuildFile; fileRef = BD15F9DF2564225400D59CC4 /* LocationManagerProtocol.swift */; };
		BD2C5DCF2476F702003A1F96 /* LocationHelperClass.swift in Sources */ = {isa = PBXBuildFile; fileRef = BD2C5DCE2476F702003A1F96 /* LocationHelperClass.swift */; };
		BD2C5DD124783D8A003A1F96 /* PlacesSearchView.swift in Sources */ = {isa = PBXBuildFile; fileRef = BD2C5DD024783D8A003A1F96 /* PlacesSearchView.swift */; };
		BD2D85D5248ACB180059AB7E /* LocationManager.swift in Sources */ = {isa = PBXBuildFile; fileRef = BD2D85D4248ACB180059AB7E /* LocationManager.swift */; };
		BD2D85D8249159180059AB7E /* ErrorControllerProtocol.swift in Sources */ = {isa = PBXBuildFile; fileRef = BD2D85D7249159180059AB7E /* ErrorControllerProtocol.swift */; };
		BD2F0FEA2384F78700C1E694 /* HomeTableViewDataProtocol.swift in Sources */ = {isa = PBXBuildFile; fileRef = BD2F0FE92384F78700C1E694 /* HomeTableViewDataProtocol.swift */; };
		BD48DBBA255C7D43008A0AE0 /* FirebaseHelperClass.swift in Sources */ = {isa = PBXBuildFile; fileRef = BD48DBB9255C7D43008A0AE0 /* FirebaseHelperClass.swift */; };
		BD6725B123B1430200AB0D5D /* ValidationError.swift in Sources */ = {isa = PBXBuildFile; fileRef = BD6725B023B1430200AB0D5D /* ValidationError.swift */; };
		BD6725B523B15C6D00AB0D5D /* UserError.swift in Sources */ = {isa = PBXBuildFile; fileRef = BD6725B423B15C6D00AB0D5D /* UserError.swift */; };
		BD6725BE23B4158400AB0D5D /* FixItTests.swift in Sources */ = {isa = PBXBuildFile; fileRef = BD6725BD23B4158400AB0D5D /* FixItTests.swift */; };
		BD75A7FC252E450000A69845 /* PresentedObject.swift in Sources */ = {isa = PBXBuildFile; fileRef = BD75A7FB252E450000A69845 /* PresentedObject.swift */; };
		BD7BD3E22475A2810065BE45 /* CustomerView.swift in Sources */ = {isa = PBXBuildFile; fileRef = BD7BD3E12475A2810065BE45 /* CustomerView.swift */; };
		BD7BD3E42475A28D0065BE45 /* EmployeeView.swift in Sources */ = {isa = PBXBuildFile; fileRef = BD7BD3E32475A28D0065BE45 /* EmployeeView.swift */; };
		BD7BD3E62475A29E0065BE45 /* LoginView.swift in Sources */ = {isa = PBXBuildFile; fileRef = BD7BD3E52475A29E0065BE45 /* LoginView.swift */; };
		BD7BD3EA2475A2CA0065BE45 /* SignUpView.swift in Sources */ = {isa = PBXBuildFile; fileRef = BD7BD3E92475A2CA0065BE45 /* SignUpView.swift */; };
		BDAD6FFC24BCE6490078CAB2 /* EmptyIssueCustomerCell.swift in Sources */ = {isa = PBXBuildFile; fileRef = BDAD6FFB24BCE6490078CAB2 /* EmptyIssueCustomerCell.swift */; };
		BDC7EA7124896C800050BBDA /* GlobalHelper.swift in Sources */ = {isa = PBXBuildFile; fileRef = BDC7EA7024896C800050BBDA /* GlobalHelper.swift */; };
		BDCD448F238C5C35000C7A49 /* DataRetriever.swift in Sources */ = {isa = PBXBuildFile; fileRef = BDCD448E238C5C35000C7A49 /* DataRetriever.swift */; };
		BDCD4494238DA3EB000C7A49 /* LocationNameProtocol.swift in Sources */ = {isa = PBXBuildFile; fileRef = BDCD4493238DA3EB000C7A49 /* LocationNameProtocol.swift */; };
		BDCD449723904511000C7A49 /* GeofencingMapView.swift in Sources */ = {isa = PBXBuildFile; fileRef = BDCD449623904511000C7A49 /* GeofencingMapView.swift */; };
		BDD3D8F0238729F70028F37E /* CustomerTableViewData.swift in Sources */ = {isa = PBXBuildFile; fileRef = BDD3D8EF238729F70028F37E /* CustomerTableViewData.swift */; };
		BDD3D8F32389B6DB0028F37E /* EmployeeHome.swift in Sources */ = {isa = PBXBuildFile; fileRef = BDD3D8F22389B6DB0028F37E /* EmployeeHome.swift */; };
		BDD3D8F52389B92F0028F37E /* EmployeeCell.swift in Sources */ = {isa = PBXBuildFile; fileRef = BDD3D8F42389B92F0028F37E /* EmployeeCell.swift */; };
		BDD57C9524787526008C632E /* CustomerTableViewDelegate.swift in Sources */ = {isa = PBXBuildFile; fileRef = BDD57C9424787526008C632E /* CustomerTableViewDelegate.swift */; };
		BDD57C9724787534008C632E /* CustomerTableViewDataSource.swift in Sources */ = {isa = PBXBuildFile; fileRef = BDD57C9624787534008C632E /* CustomerTableViewDataSource.swift */; };
		BDD57C9D247B7346008C632E /* EmployeeIssueTableViewDataSource.swift in Sources */ = {isa = PBXBuildFile; fileRef = BDD57C9C247B7346008C632E /* EmployeeIssueTableViewDataSource.swift */; };
		BDD57C9F247C4881008C632E /* EmployeeIssueTableViewDelegate.swift in Sources */ = {isa = PBXBuildFile; fileRef = BDD57C9E247C4881008C632E /* EmployeeIssueTableViewDelegate.swift */; };
		BDD57CA1247C5007008C632E /* GeofenceViewController.swift in Sources */ = {isa = PBXBuildFile; fileRef = BDD57CA0247C5007008C632E /* GeofenceViewController.swift */; };
		BDD57CA4247D7903008C632E /* LaunchScreenView.swift in Sources */ = {isa = PBXBuildFile; fileRef = BDD57CA3247D7903008C632E /* LaunchScreenView.swift */; };
		BDD57CA7247D85BD008C632E /* LaunchScreenController.swift in Sources */ = {isa = PBXBuildFile; fileRef = BDD57CA6247D85BD008C632E /* LaunchScreenController.swift */; };
		BDD57CAA247EFCB4008C632E /* TextFieldDelegate.swift in Sources */ = {isa = PBXBuildFile; fileRef = BDD57CA9247EFCB4008C632E /* TextFieldDelegate.swift */; };
		BDD762842543E38C00ABE2D4 /* CustomerIssueMonitor.swift in Sources */ = {isa = PBXBuildFile; fileRef = BDD762832543E38C00ABE2D4 /* CustomerIssueMonitor.swift */; };
		BDF4C95724C75C9100ED5596 /* NewTask.swift in Sources */ = {isa = PBXBuildFile; fileRef = BDF4C95624C75C9100ED5596 /* NewTask.swift */; };
		BDF98EBC236B8047007A4F3A /* AppDelegate.swift in Sources */ = {isa = PBXBuildFile; fileRef = BDF98EBB236B8047007A4F3A /* AppDelegate.swift */; };
		BDF98EBE236B8047007A4F3A /* SceneDelegate.swift in Sources */ = {isa = PBXBuildFile; fileRef = BDF98EBD236B8047007A4F3A /* SceneDelegate.swift */; };
		BDF98EC0236B8047007A4F3A /* CustomerViewController.swift in Sources */ = {isa = PBXBuildFile; fileRef = BDF98EBF236B8047007A4F3A /* CustomerViewController.swift */; };
		BDF98EC8236B804E007A4F3A /* Assets.xcassets in Resources */ = {isa = PBXBuildFile; fileRef = BDF98EC7236B804E007A4F3A /* Assets.xcassets */; };
		BDF98ED7236B8EBD007A4F3A /* LoginScreen.swift in Sources */ = {isa = PBXBuildFile; fileRef = BDF98ED6236B8EBD007A4F3A /* LoginScreen.swift */; };
		BDF98ED9236B946B007A4F3A /* GoogleService-Info.plist in Resources */ = {isa = PBXBuildFile; fileRef = BDF98ED8236B946B007A4F3A /* GoogleService-Info.plist */; };
		BDF98EDF236BC943007A4F3A /* SignUpController.swift in Sources */ = {isa = PBXBuildFile; fileRef = BDF98EDE236BC943007A4F3A /* SignUpController.swift */; };
		BDF98EE2236C8A5C007A4F3A /* CustomerCell.swift in Sources */ = {isa = PBXBuildFile; fileRef = BDF98EE1236C8A5C007A4F3A /* CustomerCell.swift */; };
		BDF98EF4236E0511007A4F3A /* Constants.swift in Sources */ = {isa = PBXBuildFile; fileRef = BDF98EF3236E0511007A4F3A /* Constants.swift */; };
		BDF98EF6236E22CC007A4F3A /* CustomerModel.swift in Sources */ = {isa = PBXBuildFile; fileRef = BDF98EF5236E22CC007A4F3A /* CustomerModel.swift */; };
		BDF98EF8236E2334007A4F3A /* EmployeeModel.swift in Sources */ = {isa = PBXBuildFile; fileRef = BDF98EF7236E2334007A4F3A /* EmployeeModel.swift */; };
		BDF98EFF236E484B007A4F3A /* NewTaskView.swift in Sources */ = {isa = PBXBuildFile; fileRef = BDF98EFE236E484B007A4F3A /* NewTaskView.swift */; };
		BDF98F01236E592C007A4F3A /* TaskDataModel.swift in Sources */ = {isa = PBXBuildFile; fileRef = BDF98F00236E592C007A4F3A /* TaskDataModel.swift */; };
		BDF98F0723709F6D007A4F3A /* UserProfile.swift in Sources */ = {isa = PBXBuildFile; fileRef = BDF98F0623709F6D007A4F3A /* UserProfile.swift */; };
		BDF98F0A2370C1E7007A4F3A /* ProfileDataModel.swift in Sources */ = {isa = PBXBuildFile; fileRef = BDF98F092370C1E7007A4F3A /* ProfileDataModel.swift */; };
		BDF98F0D2372205B007A4F3A /* PlacesSearchController.swift in Sources */ = {isa = PBXBuildFile; fileRef = BDF98F0C2372205B007A4F3A /* PlacesSearchController.swift */; };
		BDF98F1123729DB7007A4F3A /* UserLocationProtocol.swift in Sources */ = {isa = PBXBuildFile; fileRef = BDF98F1023729DB7007A4F3A /* UserLocationProtocol.swift */; };
		BDF98F132377B0BC007A4F3A /* UserTaskModel.swift in Sources */ = {isa = PBXBuildFile; fileRef = BDF98F122377B0BC007A4F3A /* UserTaskModel.swift */; };
/* End PBXBuildFile section */

/* Begin PBXContainerItemProxy section */
		BD6725C023B4158500AB0D5D /* PBXContainerItemProxy */ = {
			isa = PBXContainerItemProxy;
			containerPortal = BDF98EB0236B8047007A4F3A /* Project object */;
			proxyType = 1;
			remoteGlobalIDString = BDF98EB7236B8047007A4F3A;
			remoteInfo = FixIt;
		};
/* End PBXContainerItemProxy section */

/* Begin PBXFileReference section */
		1B2034D133D06D74018D25BE /* Pods-FixItTests.release.xcconfig */ = {isa = PBXFileReference; includeInIndex = 1; lastKnownFileType = text.xcconfig; name = "Pods-FixItTests.release.xcconfig"; path = "Target Support Files/Pods-FixItTests/Pods-FixItTests.release.xcconfig"; sourceTree = "<group>"; };
		3A0883D687289DA89A52C459 /* Pods-FixItTests.debug.xcconfig */ = {isa = PBXFileReference; includeInIndex = 1; lastKnownFileType = text.xcconfig; name = "Pods-FixItTests.debug.xcconfig"; path = "Target Support Files/Pods-FixItTests/Pods-FixItTests.debug.xcconfig"; sourceTree = "<group>"; };
		83C2C51B8508DF2539A7DB3B /* Pods-FixIt.debug.xcconfig */ = {isa = PBXFileReference; includeInIndex = 1; lastKnownFileType = text.xcconfig; name = "Pods-FixIt.debug.xcconfig"; path = "Target Support Files/Pods-FixIt/Pods-FixIt.debug.xcconfig"; sourceTree = "<group>"; };
		91E1252003420E24F62C9DEE /* Pods_FixIt.framework */ = {isa = PBXFileReference; explicitFileType = wrapper.framework; includeInIndex = 0; path = Pods_FixIt.framework; sourceTree = BUILT_PRODUCTS_DIR; };
		97C233DC4C078B8A54992D90 /* Pods-FixIt.release.xcconfig */ = {isa = PBXFileReference; includeInIndex = 1; lastKnownFileType = text.xcconfig; name = "Pods-FixIt.release.xcconfig"; path = "Target Support Files/Pods-FixIt/Pods-FixIt.release.xcconfig"; sourceTree = "<group>"; };
		BD0F15A824AAC72F00D59E43 /* NewTaskHelper.swift */ = {isa = PBXFileReference; lastKnownFileType = sourcecode.swift; path = NewTaskHelper.swift; sourceTree = "<group>"; };
		BD15F9DF2564225400D59CC4 /* LocationManagerProtocol.swift */ = {isa = PBXFileReference; lastKnownFileType = sourcecode.swift; path = LocationManagerProtocol.swift; sourceTree = "<group>"; };
		BD2C5DCE2476F702003A1F96 /* LocationHelperClass.swift */ = {isa = PBXFileReference; lastKnownFileType = sourcecode.swift; path = LocationHelperClass.swift; sourceTree = "<group>"; };
		BD2C5DD024783D8A003A1F96 /* PlacesSearchView.swift */ = {isa = PBXFileReference; lastKnownFileType = sourcecode.swift; path = PlacesSearchView.swift; sourceTree = "<group>"; };
		BD2D85D4248ACB180059AB7E /* LocationManager.swift */ = {isa = PBXFileReference; lastKnownFileType = sourcecode.swift; path = LocationManager.swift; sourceTree = "<group>"; };
		BD2D85D7249159180059AB7E /* ErrorControllerProtocol.swift */ = {isa = PBXFileReference; lastKnownFileType = sourcecode.swift; path = ErrorControllerProtocol.swift; sourceTree = "<group>"; };
		BD2F0FE92384F78700C1E694 /* HomeTableViewDataProtocol.swift */ = {isa = PBXFileReference; lastKnownFileType = sourcecode.swift; path = HomeTableViewDataProtocol.swift; sourceTree = "<group>"; };
		BD48DBB9255C7D43008A0AE0 /* FirebaseHelperClass.swift */ = {isa = PBXFileReference; lastKnownFileType = sourcecode.swift; path = FirebaseHelperClass.swift; sourceTree = "<group>"; };
		BD6725B023B1430200AB0D5D /* ValidationError.swift */ = {isa = PBXFileReference; lastKnownFileType = sourcecode.swift; path = ValidationError.swift; sourceTree = "<group>"; };
		BD6725B423B15C6D00AB0D5D /* UserError.swift */ = {isa = PBXFileReference; lastKnownFileType = sourcecode.swift; path = UserError.swift; sourceTree = "<group>"; };
		BD6725BB23B4158400AB0D5D /* FixItTests.xctest */ = {isa = PBXFileReference; explicitFileType = wrapper.cfbundle; includeInIndex = 0; path = FixItTests.xctest; sourceTree = BUILT_PRODUCTS_DIR; };
		BD6725BD23B4158400AB0D5D /* FixItTests.swift */ = {isa = PBXFileReference; lastKnownFileType = sourcecode.swift; path = FixItTests.swift; sourceTree = "<group>"; };
		BD6725BF23B4158500AB0D5D /* Info.plist */ = {isa = PBXFileReference; lastKnownFileType = text.plist.xml; path = Info.plist; sourceTree = "<group>"; };
		BD75A7FB252E450000A69845 /* PresentedObject.swift */ = {isa = PBXFileReference; lastKnownFileType = sourcecode.swift; path = PresentedObject.swift; sourceTree = "<group>"; };
		BD7BD3E12475A2810065BE45 /* CustomerView.swift */ = {isa = PBXFileReference; lastKnownFileType = sourcecode.swift; path = CustomerView.swift; sourceTree = "<group>"; };
		BD7BD3E32475A28D0065BE45 /* EmployeeView.swift */ = {isa = PBXFileReference; lastKnownFileType = sourcecode.swift; path = EmployeeView.swift; sourceTree = "<group>"; };
		BD7BD3E52475A29E0065BE45 /* LoginView.swift */ = {isa = PBXFileReference; lastKnownFileType = sourcecode.swift; path = LoginView.swift; sourceTree = "<group>"; };
		BD7BD3E92475A2CA0065BE45 /* SignUpView.swift */ = {isa = PBXFileReference; lastKnownFileType = sourcecode.swift; path = SignUpView.swift; sourceTree = "<group>"; };
		BDAD6FFB24BCE6490078CAB2 /* EmptyIssueCustomerCell.swift */ = {isa = PBXFileReference; lastKnownFileType = sourcecode.swift; path = EmptyIssueCustomerCell.swift; sourceTree = "<group>"; };
		BDC7EA7024896C800050BBDA /* GlobalHelper.swift */ = {isa = PBXFileReference; lastKnownFileType = sourcecode.swift; path = GlobalHelper.swift; sourceTree = "<group>"; };
		BDCD448E238C5C35000C7A49 /* DataRetriever.swift */ = {isa = PBXFileReference; lastKnownFileType = sourcecode.swift; path = DataRetriever.swift; sourceTree = "<group>"; };
		BDCD4493238DA3EB000C7A49 /* LocationNameProtocol.swift */ = {isa = PBXFileReference; lastKnownFileType = sourcecode.swift; path = LocationNameProtocol.swift; sourceTree = "<group>"; };
		BDCD449623904511000C7A49 /* GeofencingMapView.swift */ = {isa = PBXFileReference; lastKnownFileType = sourcecode.swift; path = GeofencingMapView.swift; sourceTree = "<group>"; };
		BDD3D8EF238729F70028F37E /* CustomerTableViewData.swift */ = {isa = PBXFileReference; lastKnownFileType = sourcecode.swift; path = CustomerTableViewData.swift; sourceTree = "<group>"; };
		BDD3D8F22389B6DB0028F37E /* EmployeeHome.swift */ = {isa = PBXFileReference; lastKnownFileType = sourcecode.swift; path = EmployeeHome.swift; sourceTree = "<group>"; };
		BDD3D8F42389B92F0028F37E /* EmployeeCell.swift */ = {isa = PBXFileReference; lastKnownFileType = sourcecode.swift; path = EmployeeCell.swift; sourceTree = "<group>"; };
		BDD57C9424787526008C632E /* CustomerTableViewDelegate.swift */ = {isa = PBXFileReference; lastKnownFileType = sourcecode.swift; path = CustomerTableViewDelegate.swift; sourceTree = "<group>"; };
		BDD57C9624787534008C632E /* CustomerTableViewDataSource.swift */ = {isa = PBXFileReference; lastKnownFileType = sourcecode.swift; path = CustomerTableViewDataSource.swift; sourceTree = "<group>"; };
		BDD57C9C247B7346008C632E /* EmployeeIssueTableViewDataSource.swift */ = {isa = PBXFileReference; lastKnownFileType = sourcecode.swift; path = EmployeeIssueTableViewDataSource.swift; sourceTree = "<group>"; };
		BDD57C9E247C4881008C632E /* EmployeeIssueTableViewDelegate.swift */ = {isa = PBXFileReference; lastKnownFileType = sourcecode.swift; path = EmployeeIssueTableViewDelegate.swift; sourceTree = "<group>"; };
		BDD57CA0247C5007008C632E /* GeofenceViewController.swift */ = {isa = PBXFileReference; lastKnownFileType = sourcecode.swift; path = GeofenceViewController.swift; sourceTree = "<group>"; };
		BDD57CA3247D7903008C632E /* LaunchScreenView.swift */ = {isa = PBXFileReference; lastKnownFileType = sourcecode.swift; path = LaunchScreenView.swift; sourceTree = "<group>"; };
		BDD57CA6247D85BD008C632E /* LaunchScreenController.swift */ = {isa = PBXFileReference; lastKnownFileType = sourcecode.swift; path = LaunchScreenController.swift; sourceTree = "<group>"; };
		BDD57CA9247EFCB4008C632E /* TextFieldDelegate.swift */ = {isa = PBXFileReference; lastKnownFileType = sourcecode.swift; path = TextFieldDelegate.swift; sourceTree = "<group>"; };
		BDD762832543E38C00ABE2D4 /* CustomerIssueMonitor.swift */ = {isa = PBXFileReference; lastKnownFileType = sourcecode.swift; path = CustomerIssueMonitor.swift; sourceTree = "<group>"; };
		BDF4C95624C75C9100ED5596 /* NewTask.swift */ = {isa = PBXFileReference; lastKnownFileType = sourcecode.swift; path = NewTask.swift; sourceTree = "<group>"; };
		BDF98EB8236B8047007A4F3A /* FixIt.app */ = {isa = PBXFileReference; explicitFileType = wrapper.application; includeInIndex = 0; path = FixIt.app; sourceTree = BUILT_PRODUCTS_DIR; };
		BDF98EBB236B8047007A4F3A /* AppDelegate.swift */ = {isa = PBXFileReference; lastKnownFileType = sourcecode.swift; path = AppDelegate.swift; sourceTree = "<group>"; };
		BDF98EBD236B8047007A4F3A /* SceneDelegate.swift */ = {isa = PBXFileReference; lastKnownFileType = sourcecode.swift; path = SceneDelegate.swift; sourceTree = "<group>"; };
		BDF98EBF236B8047007A4F3A /* CustomerViewController.swift */ = {isa = PBXFileReference; lastKnownFileType = sourcecode.swift; path = CustomerViewController.swift; sourceTree = "<group>"; };
		BDF98EC7236B804E007A4F3A /* Assets.xcassets */ = {isa = PBXFileReference; lastKnownFileType = folder.assetcatalog; path = Assets.xcassets; sourceTree = "<group>"; };
		BDF98ECC236B804E007A4F3A /* Info.plist */ = {isa = PBXFileReference; lastKnownFileType = text.plist.xml; path = Info.plist; sourceTree = "<group>"; };
		BDF98ED6236B8EBD007A4F3A /* LoginScreen.swift */ = {isa = PBXFileReference; lastKnownFileType = sourcecode.swift; path = LoginScreen.swift; sourceTree = "<group>"; };
		BDF98ED8236B946B007A4F3A /* GoogleService-Info.plist */ = {isa = PBXFileReference; fileEncoding = 4; lastKnownFileType = text.plist.xml; path = "GoogleService-Info.plist"; sourceTree = "<group>"; };
		BDF98EDE236BC943007A4F3A /* SignUpController.swift */ = {isa = PBXFileReference; lastKnownFileType = sourcecode.swift; path = SignUpController.swift; sourceTree = "<group>"; };
		BDF98EE1236C8A5C007A4F3A /* CustomerCell.swift */ = {isa = PBXFileReference; lastKnownFileType = sourcecode.swift; path = CustomerCell.swift; sourceTree = "<group>"; };
		BDF98EF3236E0511007A4F3A /* Constants.swift */ = {isa = PBXFileReference; lastKnownFileType = sourcecode.swift; path = Constants.swift; sourceTree = "<group>"; };
		BDF98EF5236E22CC007A4F3A /* CustomerModel.swift */ = {isa = PBXFileReference; lastKnownFileType = sourcecode.swift; path = CustomerModel.swift; sourceTree = "<group>"; };
		BDF98EF7236E2334007A4F3A /* EmployeeModel.swift */ = {isa = PBXFileReference; lastKnownFileType = sourcecode.swift; path = EmployeeModel.swift; sourceTree = "<group>"; };
		BDF98EFE236E484B007A4F3A /* NewTaskView.swift */ = {isa = PBXFileReference; lastKnownFileType = sourcecode.swift; path = NewTaskView.swift; sourceTree = "<group>"; };
		BDF98F00236E592C007A4F3A /* TaskDataModel.swift */ = {isa = PBXFileReference; lastKnownFileType = sourcecode.swift; path = TaskDataModel.swift; sourceTree = "<group>"; };
		BDF98F0623709F6D007A4F3A /* UserProfile.swift */ = {isa = PBXFileReference; lastKnownFileType = sourcecode.swift; path = UserProfile.swift; sourceTree = "<group>"; };
		BDF98F092370C1E7007A4F3A /* ProfileDataModel.swift */ = {isa = PBXFileReference; lastKnownFileType = sourcecode.swift; path = ProfileDataModel.swift; sourceTree = "<group>"; };
		BDF98F0C2372205B007A4F3A /* PlacesSearchController.swift */ = {isa = PBXFileReference; lastKnownFileType = sourcecode.swift; path = PlacesSearchController.swift; sourceTree = "<group>"; };
		BDF98F1023729DB7007A4F3A /* UserLocationProtocol.swift */ = {isa = PBXFileReference; lastKnownFileType = sourcecode.swift; path = UserLocationProtocol.swift; sourceTree = "<group>"; };
		BDF98F122377B0BC007A4F3A /* UserTaskModel.swift */ = {isa = PBXFileReference; lastKnownFileType = sourcecode.swift; path = UserTaskModel.swift; sourceTree = "<group>"; };
		C49C5D96728A12A51CDB3E83 /* Pods_FixItTests.framework */ = {isa = PBXFileReference; explicitFileType = wrapper.framework; includeInIndex = 0; path = Pods_FixItTests.framework; sourceTree = BUILT_PRODUCTS_DIR; };
/* End PBXFileReference section */

/* Begin PBXFrameworksBuildPhase section */
		BD6725B823B4158400AB0D5D /* Frameworks */ = {
			isa = PBXFrameworksBuildPhase;
			buildActionMask = 2147483647;
			files = (
				59A118753A3D01EBA7FE84B5 /* Pods_FixItTests.framework in Frameworks */,
			);
			runOnlyForDeploymentPostprocessing = 0;
		};
		BDF98EB5236B8047007A4F3A /* Frameworks */ = {
			isa = PBXFrameworksBuildPhase;
			buildActionMask = 2147483647;
			files = (
				5E52977BDEC68F0AB1E9AF55 /* Pods_FixIt.framework in Frameworks */,
			);
			runOnlyForDeploymentPostprocessing = 0;
		};
/* End PBXFrameworksBuildPhase section */

/* Begin PBXGroup section */
		1F8E865535AA673165D68F38 /* Pods */ = {
			isa = PBXGroup;
			children = (
				83C2C51B8508DF2539A7DB3B /* Pods-FixIt.debug.xcconfig */,
				97C233DC4C078B8A54992D90 /* Pods-FixIt.release.xcconfig */,
				3A0883D687289DA89A52C459 /* Pods-FixItTests.debug.xcconfig */,
				1B2034D133D06D74018D25BE /* Pods-FixItTests.release.xcconfig */,
			);
			path = Pods;
			sourceTree = "<group>";
		};
		A97700B4DDDF8EB8987B9C06 /* Frameworks */ = {
			isa = PBXGroup;
			children = (
				91E1252003420E24F62C9DEE /* Pods_FixIt.framework */,
				C49C5D96728A12A51CDB3E83 /* Pods_FixItTests.framework */,
			);
			name = Frameworks;
			sourceTree = "<group>";
		};
		BD0F15A724AAC71100D59E43 /* NewTaskHelper */ = {
			isa = PBXGroup;
			children = (
				BD0F15A824AAC72F00D59E43 /* NewTaskHelper.swift */,
			);
			path = NewTaskHelper;
			sourceTree = "<group>";
		};
		BD15F96E2561AB6B00D59CC4 /* Protocols */ = {
			isa = PBXGroup;
			children = (
				BD15F9DE256421C000D59CC4 /* LocationProtocols */,
				BDD57CA8247EFC92008C632E /* TextFieldProtocols */,
			);
			path = Protocols;
			sourceTree = "<group>";
		};
		BD15F9DE256421C000D59CC4 /* LocationProtocols */ = {
			isa = PBXGroup;
			children = (
				BD15F9DF2564225400D59CC4 /* LocationManagerProtocol.swift */,
			);
			path = LocationProtocols;
			sourceTree = "<group>";
		};
		BD2C5DCD2476DD42003A1F96 /* LocationHelpers */ = {
			isa = PBXGroup;
			children = (
				BD2C5DCE2476F702003A1F96 /* LocationHelperClass.swift */,
				BD2D85D6249158FD0059AB7E /* Protocols */,
			);
			path = LocationHelpers;
			sourceTree = "<group>";
		};
		BD2D85D6249158FD0059AB7E /* Protocols */ = {
			isa = PBXGroup;
			children = (
				BD2D85D7249159180059AB7E /* ErrorControllerProtocol.swift */,
			);
			path = Protocols;
			sourceTree = "<group>";
		};
		BD48DBB8255C7D1B008A0AE0 /* FirebaseHelperClass */ = {
			isa = PBXGroup;
			children = (
				BD48DBB9255C7D43008A0AE0 /* FirebaseHelperClass.swift */,
			);
			path = FirebaseHelperClass;
			sourceTree = "<group>";
		};
		BD48DBC3255CEBE2008A0AE0 /* Location */ = {
			isa = PBXGroup;
			children = (
				BD2D85D4248ACB180059AB7E /* LocationManager.swift */,
			);
			path = Location;
			sourceTree = "<group>";
		};
		BD60B91924C0D9B000B3B1DE /* Protocols */ = {
			isa = PBXGroup;
			children = (
				BD2F0FE92384F78700C1E694 /* HomeTableViewDataProtocol.swift */,
			);
			path = Protocols;
			sourceTree = "<group>";
		};
		BD60B91A24C1104200B3B1DE /* Protocols */ = {
			isa = PBXGroup;
			children = (
				BDF98F1023729DB7007A4F3A /* UserLocationProtocol.swift */,
			);
			path = Protocols;
			sourceTree = "<group>";
		};
		BD6725AF23B1355B00AB0D5D /* Error */ = {
			isa = PBXGroup;
			children = (
				BD6725B023B1430200AB0D5D /* ValidationError.swift */,
				BD6725B423B15C6D00AB0D5D /* UserError.swift */,
			);
			path = Error;
			sourceTree = "<group>";
		};
		BD6725BC23B4158400AB0D5D /* FixItTests */ = {
			isa = PBXGroup;
			children = (
				BD6725BD23B4158400AB0D5D /* FixItTests.swift */,
				BD6725BF23B4158500AB0D5D /* Info.plist */,
			);
			path = FixItTests;
			sourceTree = "<group>";
		};
		BD75A7FA252E44F100A69845 /* PresentedObject */ = {
			isa = PBXGroup;
			children = (
				BD75A7FB252E450000A69845 /* PresentedObject.swift */,
			);
			path = PresentedObject;
			sourceTree = "<group>";
		};
		BD7BD3D4247597380065BE45 /* Views */ = {
			isa = PBXGroup;
			children = (
				BDD57CA2247D78F5008C632E /* LaunchScreen */,
				BD7BD3DC2475A1720065BE45 /* Customer */,
				BD7BD3DE2475A1B60065BE45 /* Employee */,
				BD7BD3DF2475A1BF0065BE45 /* GeofenceMapView */,
				BD7BD3D92475A1350065BE45 /* Login */,
				BD7BD3DA2475A13A0065BE45 /* SignUp */,
				BD7BD3DB2475A14F0065BE45 /* SignUpMapView */,
			);
			path = Views;
			sourceTree = "<group>";
		};
		BD7BD3D52475973F0065BE45 /* Controllers */ = {
			isa = PBXGroup;
			children = (
				BDD57CA5247D8599008C632E /* LaunchScreen */,
				BDF98F0B2372200E007A4F3A /* PlacesSearch */,
				BDCD44952390442A000C7A49 /* Geofence */,
				BDF98EE0236BCEF2007A4F3A /* SignUp */,
				BDF98F0523709F4C007A4F3A /* UserProfile */,
				BDD3D8F12389B6960028F37E /* Employee */,
				BDF98EFD236E4832007A4F3A /* NewTask */,
				BDF98ED3236B8456007A4F3A /* Customer */,
				BDF98ED2236B844F007A4F3A /* Login */,
			);
			path = Controllers;
			sourceTree = "<group>";
		};
		BD7BD3D92475A1350065BE45 /* Login */ = {
			isa = PBXGroup;
			children = (
				BD7BD3E52475A29E0065BE45 /* LoginView.swift */,
			);
			path = Login;
			sourceTree = "<group>";
		};
		BD7BD3DA2475A13A0065BE45 /* SignUp */ = {
			isa = PBXGroup;
			children = (
				BD7BD3E92475A2CA0065BE45 /* SignUpView.swift */,
			);
			path = SignUp;
			sourceTree = "<group>";
		};
		BD7BD3DB2475A14F0065BE45 /* SignUpMapView */ = {
			isa = PBXGroup;
			children = (
				BD2C5DD024783D8A003A1F96 /* PlacesSearchView.swift */,
			);
			path = SignUpMapView;
			sourceTree = "<group>";
		};
		BD7BD3DC2475A1720065BE45 /* Customer */ = {
			isa = PBXGroup;
			children = (
				BD7BD3E12475A2810065BE45 /* CustomerView.swift */,
				BDD57C9324786E74008C632E /* Cell */,
			);
			path = Customer;
			sourceTree = "<group>";
		};
		BD7BD3DE2475A1B60065BE45 /* Employee */ = {
			isa = PBXGroup;
			children = (
				BD7BD3E32475A28D0065BE45 /* EmployeeView.swift */,
				BDD57C98247879AA008C632E /* Cell */,
			);
			path = Employee;
			sourceTree = "<group>";
		};
		BD7BD3DF2475A1BF0065BE45 /* GeofenceMapView */ = {
			isa = PBXGroup;
			children = (
				BDCD449623904511000C7A49 /* GeofencingMapView.swift */,
			);
			path = GeofenceMapView;
			sourceTree = "<group>";
		};
		BDC7EA6E24896BEA0050BBDA /* Helper Classes */ = {
			isa = PBXGroup;
			children = (
				BD48DBB8255C7D1B008A0AE0 /* FirebaseHelperClass */,
				BDC7EA6F24896C600050BBDA /* GlobalHelperClass */,
				BD2C5DCD2476DD42003A1F96 /* LocationHelpers */,
				BD0F15A724AAC71100D59E43 /* NewTaskHelper */,
			);
			path = "Helper Classes";
			sourceTree = "<group>";
		};
		BDC7EA6F24896C600050BBDA /* GlobalHelperClass */ = {
			isa = PBXGroup;
			children = (
				BDC7EA7024896C800050BBDA /* GlobalHelper.swift */,
			);
			path = GlobalHelperClass;
			sourceTree = "<group>";
		};
		BDCD4490238C5EFD000C7A49 /* DataRetriever */ = {
			isa = PBXGroup;
			children = (
				BD60B91924C0D9B000B3B1DE /* Protocols */,
				BDD3D8EF238729F70028F37E /* CustomerTableViewData.swift */,
				BDCD448E238C5C35000C7A49 /* DataRetriever.swift */,
				BDD762832543E38C00ABE2D4 /* CustomerIssueMonitor.swift */,
			);
			path = DataRetriever;
			sourceTree = "<group>";
		};
		BDCD44952390442A000C7A49 /* Geofence */ = {
			isa = PBXGroup;
			children = (
				BDD57CA0247C5007008C632E /* GeofenceViewController.swift */,
			);
			path = Geofence;
			sourceTree = "<group>";
		};
		BDD3D8F12389B6960028F37E /* Employee */ = {
			isa = PBXGroup;
			children = (
				BDD3D8F22389B6DB0028F37E /* EmployeeHome.swift */,
				BDD57C99247B72C4008C632E /* EmployeeTableViewProtocols */,
			);
			path = Employee;
			sourceTree = "<group>";
		};
		BDD57C9224786E5C008C632E /* TableViewProtocols */ = {
			isa = PBXGroup;
			children = (
				BDD57C9424787526008C632E /* CustomerTableViewDelegate.swift */,
				BDD57C9624787534008C632E /* CustomerTableViewDataSource.swift */,
			);
			path = TableViewProtocols;
			sourceTree = "<group>";
		};
		BDD57C9324786E74008C632E /* Cell */ = {
			isa = PBXGroup;
			children = (
				BDF98EE1236C8A5C007A4F3A /* CustomerCell.swift */,
				BDAD6FFB24BCE6490078CAB2 /* EmptyIssueCustomerCell.swift */,
			);
			path = Cell;
			sourceTree = "<group>";
		};
		BDD57C98247879AA008C632E /* Cell */ = {
			isa = PBXGroup;
			children = (
				BDD3D8F42389B92F0028F37E /* EmployeeCell.swift */,
			);
			path = Cell;
			sourceTree = "<group>";
		};
		BDD57C99247B72C4008C632E /* EmployeeTableViewProtocols */ = {
			isa = PBXGroup;
			children = (
				BDD57C9E247C4881008C632E /* EmployeeIssueTableViewDelegate.swift */,
				BDD57C9C247B7346008C632E /* EmployeeIssueTableViewDataSource.swift */,
			);
			path = EmployeeTableViewProtocols;
			sourceTree = "<group>";
		};
		BDD57CA2247D78F5008C632E /* LaunchScreen */ = {
			isa = PBXGroup;
			children = (
				BDD57CA3247D7903008C632E /* LaunchScreenView.swift */,
			);
			path = LaunchScreen;
			sourceTree = "<group>";
		};
		BDD57CA5247D8599008C632E /* LaunchScreen */ = {
			isa = PBXGroup;
			children = (
				BDD57CA6247D85BD008C632E /* LaunchScreenController.swift */,
			);
			path = LaunchScreen;
			sourceTree = "<group>";
		};
		BDD57CA8247EFC92008C632E /* TextFieldProtocols */ = {
			isa = PBXGroup;
			children = (
				BDD57CA9247EFCB4008C632E /* TextFieldDelegate.swift */,
			);
			path = TextFieldProtocols;
			sourceTree = "<group>";
		};
		BDF4C95824C75CE700ED5596 /* Task */ = {
			isa = PBXGroup;
			children = (
				BDF4C95624C75C9100ED5596 /* NewTask.swift */,
			);
			path = Task;
			sourceTree = "<group>";
		};
		BDF98EAF236B8047007A4F3A = {
			isa = PBXGroup;
			children = (
				BDF98EBA236B8047007A4F3A /* FixIt */,
				BD6725BC23B4158400AB0D5D /* FixItTests */,
				BDF98EB9236B8047007A4F3A /* Products */,
				1F8E865535AA673165D68F38 /* Pods */,
				A97700B4DDDF8EB8987B9C06 /* Frameworks */,
			);
			sourceTree = "<group>";
		};
		BDF98EB9236B8047007A4F3A /* Products */ = {
			isa = PBXGroup;
			children = (
				BDF98EB8236B8047007A4F3A /* FixIt.app */,
				BD6725BB23B4158400AB0D5D /* FixItTests.xctest */,
			);
			name = Products;
			sourceTree = "<group>";
		};
		BDF98EBA236B8047007A4F3A /* FixIt */ = {
			isa = PBXGroup;
			children = (
				BDF98EBB236B8047007A4F3A /* AppDelegate.swift */,
				BDF98EBD236B8047007A4F3A /* SceneDelegate.swift */,
				BDF98EF2236E04FF007A4F3A /* Constants */,
				BDF98ED4236B8462007A4F3A /* Models */,
				BD7BD3D4247597380065BE45 /* Views */,
				BD7BD3D52475973F0065BE45 /* Controllers */,
				BDF98ED5236B8467007A4F3A /* Managers */,
				BDF98EC7236B804E007A4F3A /* Assets.xcassets */,
				BDF98ECC236B804E007A4F3A /* Info.plist */,
				BDF98ED8236B946B007A4F3A /* GoogleService-Info.plist */,
			);
			path = FixIt;
			sourceTree = "<group>";
		};
		BDF98ED2236B844F007A4F3A /* Login */ = {
			isa = PBXGroup;
			children = (
				BDF98ED6236B8EBD007A4F3A /* LoginScreen.swift */,
				BD60B91A24C1104200B3B1DE /* Protocols */,
			);
			path = Login;
			sourceTree = "<group>";
		};
		BDF98ED3236B8456007A4F3A /* Customer */ = {
			isa = PBXGroup;
			children = (
				BDF98EBF236B8047007A4F3A /* CustomerViewController.swift */,
				BD75A7FA252E44F100A69845 /* PresentedObject */,
				BDD57C9224786E5C008C632E /* TableViewProtocols */,
			);
			path = Customer;
			sourceTree = "<group>";
		};
		BDF98ED4236B8462007A4F3A /* Models */ = {
			isa = PBXGroup;
			children = (
				BDF4C95824C75CE700ED5596 /* Task */,
				BD6725AF23B1355B00AB0D5D /* Error */,
				BDF98EF5236E22CC007A4F3A /* CustomerModel.swift */,
				BDF98EF7236E2334007A4F3A /* EmployeeModel.swift */,
				BDF98F122377B0BC007A4F3A /* UserTaskModel.swift */,
			);
			path = Models;
			sourceTree = "<group>";
		};
		BDF98ED5236B8467007A4F3A /* Managers */ = {
			isa = PBXGroup;
			children = (
				BD15F96E2561AB6B00D59CC4 /* Protocols */,
				BD48DBC3255CEBE2008A0AE0 /* Location */,
				BDC7EA6E24896BEA0050BBDA /* Helper Classes */,
				BDCD4490238C5EFD000C7A49 /* DataRetriever */,
				BDF98F082370C1D6007A4F3A /* DataModels */,
			);
			path = Managers;
			sourceTree = "<group>";
		};
		BDF98EE0236BCEF2007A4F3A /* SignUp */ = {
			isa = PBXGroup;
			children = (
				BDF98EDE236BC943007A4F3A /* SignUpController.swift */,
			);
			path = SignUp;
			sourceTree = "<group>";
		};
		BDF98EF2236E04FF007A4F3A /* Constants */ = {
			isa = PBXGroup;
			children = (
				BDF98EF3236E0511007A4F3A /* Constants.swift */,
			);
			path = Constants;
			sourceTree = "<group>";
		};
		BDF98EFD236E4832007A4F3A /* NewTask */ = {
			isa = PBXGroup;
			children = (
				BDF98EFE236E484B007A4F3A /* NewTaskView.swift */,
			);
			path = NewTask;
			sourceTree = "<group>";
		};
		BDF98F0523709F4C007A4F3A /* UserProfile */ = {
			isa = PBXGroup;
			children = (
				BDF98F0623709F6D007A4F3A /* UserProfile.swift */,
			);
			path = UserProfile;
			sourceTree = "<group>";
		};
		BDF98F082370C1D6007A4F3A /* DataModels */ = {
			isa = PBXGroup;
			children = (
				BDF98F092370C1E7007A4F3A /* ProfileDataModel.swift */,
				BDF98F00236E592C007A4F3A /* TaskDataModel.swift */,
			);
			path = DataModels;
			sourceTree = "<group>";
		};
		BDF98F0B2372200E007A4F3A /* PlacesSearch */ = {
			isa = PBXGroup;
			children = (
				BDF98F0C2372205B007A4F3A /* PlacesSearchController.swift */,
				BDCD4493238DA3EB000C7A49 /* LocationNameProtocol.swift */,
			);
			path = PlacesSearch;
			sourceTree = "<group>";
		};
/* End PBXGroup section */

/* Begin PBXNativeTarget section */
		BD6725BA23B4158400AB0D5D /* FixItTests */ = {
			isa = PBXNativeTarget;
			buildConfigurationList = BD6725C223B4158500AB0D5D /* Build configuration list for PBXNativeTarget "FixItTests" */;
			buildPhases = (
				86A828B2FF94FBCEEC076D00 /* [CP] Check Pods Manifest.lock */,
				BD6725B723B4158400AB0D5D /* Sources */,
				BD6725B823B4158400AB0D5D /* Frameworks */,
				BD6725B923B4158400AB0D5D /* Resources */,
				EA6AFE01AAA36F8BDC048326 /* [CP] Embed Pods Frameworks */,
			);
			buildRules = (
			);
			dependencies = (
				BD6725C123B4158500AB0D5D /* PBXTargetDependency */,
			);
			name = FixItTests;
			productName = FixItTests;
			productReference = BD6725BB23B4158400AB0D5D /* FixItTests.xctest */;
			productType = "com.apple.product-type.bundle.unit-test";
		};
		BDF98EB7236B8047007A4F3A /* FixIt */ = {
			isa = PBXNativeTarget;
			buildConfigurationList = BDF98ECF236B804E007A4F3A /* Build configuration list for PBXNativeTarget "FixIt" */;
			buildPhases = (
				722B5C51B1052CB2D3359B60 /* [CP] Check Pods Manifest.lock */,
				BDF98EB4236B8047007A4F3A /* Sources */,
				BDF98EB5236B8047007A4F3A /* Frameworks */,
				BDF98EB6236B8047007A4F3A /* Resources */,
				383C91B6F64CE835A707281A /* [CP] Embed Pods Frameworks */,
				F253EE6B360C39BD14DF787E /* [CP] Copy Pods Resources */,
			);
			buildRules = (
			);
			dependencies = (
			);
			name = FixIt;
			productName = FixIt;
			productReference = BDF98EB8236B8047007A4F3A /* FixIt.app */;
			productType = "com.apple.product-type.application";
		};
/* End PBXNativeTarget section */

/* Begin PBXProject section */
		BDF98EB0236B8047007A4F3A /* Project object */ = {
			isa = PBXProject;
			attributes = {
				LastSwiftUpdateCheck = 1130;
				LastUpgradeCheck = 1200;
				ORGANIZATIONNAME = "Josiah Agosto";
				TargetAttributes = {
					BD6725BA23B4158400AB0D5D = {
						CreatedOnToolsVersion = 11.3;
						TestTargetID = BDF98EB7236B8047007A4F3A;
					};
					BDF98EB7236B8047007A4F3A = {
						CreatedOnToolsVersion = 11.1;
					};
				};
			};
			buildConfigurationList = BDF98EB3236B8047007A4F3A /* Build configuration list for PBXProject "FixIt" */;
			compatibilityVersion = "Xcode 9.3";
			developmentRegion = en;
			hasScannedForEncodings = 0;
			knownRegions = (
				en,
				Base,
			);
			mainGroup = BDF98EAF236B8047007A4F3A;
			productRefGroup = BDF98EB9236B8047007A4F3A /* Products */;
			projectDirPath = "";
			projectRoot = "";
			targets = (
				BDF98EB7236B8047007A4F3A /* FixIt */,
				BD6725BA23B4158400AB0D5D /* FixItTests */,
			);
		};
/* End PBXProject section */

/* Begin PBXResourcesBuildPhase section */
		BD6725B923B4158400AB0D5D /* Resources */ = {
			isa = PBXResourcesBuildPhase;
			buildActionMask = 2147483647;
			files = (
			);
			runOnlyForDeploymentPostprocessing = 0;
		};
		BDF98EB6236B8047007A4F3A /* Resources */ = {
			isa = PBXResourcesBuildPhase;
			buildActionMask = 2147483647;
			files = (
				BDF98EC8236B804E007A4F3A /* Assets.xcassets in Resources */,
				BDF98ED9236B946B007A4F3A /* GoogleService-Info.plist in Resources */,
			);
			runOnlyForDeploymentPostprocessing = 0;
		};
/* End PBXResourcesBuildPhase section */

/* Begin PBXShellScriptBuildPhase section */
		383C91B6F64CE835A707281A /* [CP] Embed Pods Frameworks */ = {
			isa = PBXShellScriptBuildPhase;
			buildActionMask = 2147483647;
			files = (
			);
			inputFileListPaths = (
				"${PODS_ROOT}/Target Support Files/Pods-FixIt/Pods-FixIt-frameworks-${CONFIGURATION}-input-files.xcfilelist",
			);
			name = "[CP] Embed Pods Frameworks";
			outputFileListPaths = (
				"${PODS_ROOT}/Target Support Files/Pods-FixIt/Pods-FixIt-frameworks-${CONFIGURATION}-output-files.xcfilelist",
			);
			runOnlyForDeploymentPostprocessing = 0;
			shellPath = /bin/sh;
			shellScript = "\"${PODS_ROOT}/Target Support Files/Pods-FixIt/Pods-FixIt-frameworks.sh\"\n";
			showEnvVarsInLog = 0;
		};
		722B5C51B1052CB2D3359B60 /* [CP] Check Pods Manifest.lock */ = {
			isa = PBXShellScriptBuildPhase;
			buildActionMask = 2147483647;
			files = (
			);
			inputFileListPaths = (
			);
			inputPaths = (
				"${PODS_PODFILE_DIR_PATH}/Podfile.lock",
				"${PODS_ROOT}/Manifest.lock",
			);
			name = "[CP] Check Pods Manifest.lock";
			outputFileListPaths = (
			);
			outputPaths = (
				"$(DERIVED_FILE_DIR)/Pods-FixIt-checkManifestLockResult.txt",
			);
			runOnlyForDeploymentPostprocessing = 0;
			shellPath = /bin/sh;
			shellScript = "diff \"${PODS_PODFILE_DIR_PATH}/Podfile.lock\" \"${PODS_ROOT}/Manifest.lock\" > /dev/null\nif [ $? != 0 ] ; then\n    # print error to STDERR\n    echo \"error: The sandbox is not in sync with the Podfile.lock. Run 'pod install' or update your CocoaPods installation.\" >&2\n    exit 1\nfi\n# This output is used by Xcode 'outputs' to avoid re-running this script phase.\necho \"SUCCESS\" > \"${SCRIPT_OUTPUT_FILE_0}\"\n";
			showEnvVarsInLog = 0;
		};
		86A828B2FF94FBCEEC076D00 /* [CP] Check Pods Manifest.lock */ = {
			isa = PBXShellScriptBuildPhase;
			buildActionMask = 2147483647;
			files = (
			);
			inputFileListPaths = (
			);
			inputPaths = (
				"${PODS_PODFILE_DIR_PATH}/Podfile.lock",
				"${PODS_ROOT}/Manifest.lock",
			);
			name = "[CP] Check Pods Manifest.lock";
			outputFileListPaths = (
			);
			outputPaths = (
				"$(DERIVED_FILE_DIR)/Pods-FixItTests-checkManifestLockResult.txt",
			);
			runOnlyForDeploymentPostprocessing = 0;
			shellPath = /bin/sh;
			shellScript = "diff \"${PODS_PODFILE_DIR_PATH}/Podfile.lock\" \"${PODS_ROOT}/Manifest.lock\" > /dev/null\nif [ $? != 0 ] ; then\n    # print error to STDERR\n    echo \"error: The sandbox is not in sync with the Podfile.lock. Run 'pod install' or update your CocoaPods installation.\" >&2\n    exit 1\nfi\n# This output is used by Xcode 'outputs' to avoid re-running this script phase.\necho \"SUCCESS\" > \"${SCRIPT_OUTPUT_FILE_0}\"\n";
			showEnvVarsInLog = 0;
		};
		EA6AFE01AAA36F8BDC048326 /* [CP] Embed Pods Frameworks */ = {
			isa = PBXShellScriptBuildPhase;
			buildActionMask = 2147483647;
			files = (
			);
			inputFileListPaths = (
				"${PODS_ROOT}/Target Support Files/Pods-FixItTests/Pods-FixItTests-frameworks-${CONFIGURATION}-input-files.xcfilelist",
			);
			name = "[CP] Embed Pods Frameworks";
			outputFileListPaths = (
				"${PODS_ROOT}/Target Support Files/Pods-FixItTests/Pods-FixItTests-frameworks-${CONFIGURATION}-output-files.xcfilelist",
			);
			runOnlyForDeploymentPostprocessing = 0;
			shellPath = /bin/sh;
			shellScript = "\"${PODS_ROOT}/Target Support Files/Pods-FixItTests/Pods-FixItTests-frameworks.sh\"\n";
			showEnvVarsInLog = 0;
		};
		F253EE6B360C39BD14DF787E /* [CP] Copy Pods Resources */ = {
			isa = PBXShellScriptBuildPhase;
			buildActionMask = 2147483647;
			files = (
			);
			inputFileListPaths = (
				"${PODS_ROOT}/Target Support Files/Pods-FixIt/Pods-FixIt-resources-${CONFIGURATION}-input-files.xcfilelist",
			);
			name = "[CP] Copy Pods Resources";
			outputFileListPaths = (
				"${PODS_ROOT}/Target Support Files/Pods-FixIt/Pods-FixIt-resources-${CONFIGURATION}-output-files.xcfilelist",
			);
			runOnlyForDeploymentPostprocessing = 0;
			shellPath = /bin/sh;
			shellScript = "\"${PODS_ROOT}/Target Support Files/Pods-FixIt/Pods-FixIt-resources.sh\"\n";
			showEnvVarsInLog = 0;
		};
/* End PBXShellScriptBuildPhase section */

/* Begin PBXSourcesBuildPhase section */
		BD6725B723B4158400AB0D5D /* Sources */ = {
			isa = PBXSourcesBuildPhase;
			buildActionMask = 2147483647;
			files = (
				BD6725BE23B4158400AB0D5D /* FixItTests.swift in Sources */,
			);
			runOnlyForDeploymentPostprocessing = 0;
		};
		BDF98EB4236B8047007A4F3A /* Sources */ = {
			isa = PBXSourcesBuildPhase;
			buildActionMask = 2147483647;
			files = (
				BDF98EC0236B8047007A4F3A /* CustomerViewController.swift in Sources */,
				BDF98F132377B0BC007A4F3A /* UserTaskModel.swift in Sources */,
				BDF98EBC236B8047007A4F3A /* AppDelegate.swift in Sources */,
				BD75A7FC252E450000A69845 /* PresentedObject.swift in Sources */,
				BDF98F0723709F6D007A4F3A /* UserProfile.swift in Sources */,
				BDD57C9724787534008C632E /* CustomerTableViewDataSource.swift in Sources */,
				BDD57CA1247C5007008C632E /* GeofenceViewController.swift in Sources */,
				BD2D85D8249159180059AB7E /* ErrorControllerProtocol.swift in Sources */,
				BDD762842543E38C00ABE2D4 /* CustomerIssueMonitor.swift in Sources */,
				BDCD449723904511000C7A49 /* GeofencingMapView.swift in Sources */,
				BDF98EBE236B8047007A4F3A /* SceneDelegate.swift in Sources */,
				BDF98F1123729DB7007A4F3A /* UserLocationProtocol.swift in Sources */,
				BD0F15A924AAC72F00D59E43 /* NewTaskHelper.swift in Sources */,
				BDD3D8F32389B6DB0028F37E /* EmployeeHome.swift in Sources */,
				BDF4C95724C75C9100ED5596 /* NewTask.swift in Sources */,
				BDAD6FFC24BCE6490078CAB2 /* EmptyIssueCustomerCell.swift in Sources */,
				BDD3D8F0238729F70028F37E /* CustomerTableViewData.swift in Sources */,
				BD15F9E02564225400D59CC4 /* LocationManagerProtocol.swift in Sources */,
				BD7BD3E42475A28D0065BE45 /* EmployeeView.swift in Sources */,
				BDF98EF6236E22CC007A4F3A /* CustomerModel.swift in Sources */,
				BDD3D8F52389B92F0028F37E /* EmployeeCell.swift in Sources */,
				BDD57CA7247D85BD008C632E /* LaunchScreenController.swift in Sources */,
				BD6725B123B1430200AB0D5D /* ValidationError.swift in Sources */,
				BDD57C9524787526008C632E /* CustomerTableViewDelegate.swift in Sources */,
				BDD57C9D247B7346008C632E /* EmployeeIssueTableViewDataSource.swift in Sources */,
				BD2C5DD124783D8A003A1F96 /* PlacesSearchView.swift in Sources */,
				BDD57C9F247C4881008C632E /* EmployeeIssueTableViewDelegate.swift in Sources */,
				BD2F0FEA2384F78700C1E694 /* HomeTableViewDataProtocol.swift in Sources */,
				BD48DBBA255C7D43008A0AE0 /* FirebaseHelperClass.swift in Sources */,
				BDC7EA7124896C800050BBDA /* GlobalHelper.swift in Sources */,
				BD7BD3EA2475A2CA0065BE45 /* SignUpView.swift in Sources */,
				BD6725B523B15C6D00AB0D5D /* UserError.swift in Sources */,
				BDF98F0A2370C1E7007A4F3A /* ProfileDataModel.swift in Sources */,
				BDF98F01236E592C007A4F3A /* TaskDataModel.swift in Sources */,
				BDF98EDF236BC943007A4F3A /* SignUpController.swift in Sources */,
				BDF98EE2236C8A5C007A4F3A /* CustomerCell.swift in Sources */,
				BDCD448F238C5C35000C7A49 /* DataRetriever.swift in Sources */,
				BD7BD3E62475A29E0065BE45 /* LoginView.swift in Sources */,
				BDD57CA4247D7903008C632E /* LaunchScreenView.swift in Sources */,
				BDF98EFF236E484B007A4F3A /* NewTaskView.swift in Sources */,
				BDF98ED7236B8EBD007A4F3A /* LoginScreen.swift in Sources */,
				BDF98EF8236E2334007A4F3A /* EmployeeModel.swift in Sources */,
				BD7BD3E22475A2810065BE45 /* CustomerView.swift in Sources */,
				BDF98EF4236E0511007A4F3A /* Constants.swift in Sources */,
				BD2C5DCF2476F702003A1F96 /* LocationHelperClass.swift in Sources */,
				BD2D85D5248ACB180059AB7E /* LocationManager.swift in Sources */,
				BDF98F0D2372205B007A4F3A /* PlacesSearchController.swift in Sources */,
				BDD57CAA247EFCB4008C632E /* TextFieldDelegate.swift in Sources */,
				BDCD4494238DA3EB000C7A49 /* LocationNameProtocol.swift in Sources */,
			);
			runOnlyForDeploymentPostprocessing = 0;
		};
/* End PBXSourcesBuildPhase section */

/* Begin PBXTargetDependency section */
		BD6725C123B4158500AB0D5D /* PBXTargetDependency */ = {
			isa = PBXTargetDependency;
			target = BDF98EB7236B8047007A4F3A /* FixIt */;
			targetProxy = BD6725C023B4158500AB0D5D /* PBXContainerItemProxy */;
		};
/* End PBXTargetDependency section */

/* Begin XCBuildConfiguration section */
		BD6725C323B4158500AB0D5D /* Debug */ = {
			isa = XCBuildConfiguration;
			baseConfigurationReference = 3A0883D687289DA89A52C459 /* Pods-FixItTests.debug.xcconfig */;
			buildSettings = {
				BUNDLE_LOADER = "$(TEST_HOST)";
				CODE_SIGN_STYLE = Automatic;
				INFOPLIST_FILE = FixItTests/Info.plist;
				IPHONEOS_DEPLOYMENT_TARGET = 13.2;
				LD_RUNPATH_SEARCH_PATHS = (
					"$(inherited)",
					"@executable_path/Frameworks",
					"@loader_path/Frameworks",
				);
				PRODUCT_BUNDLE_IDENTIFIER = "Josiah-Agosto.FixItTests";
				PRODUCT_NAME = "$(TARGET_NAME)";
				SWIFT_VERSION = 5.0;
				TARGETED_DEVICE_FAMILY = "1,2";
				TEST_HOST = "$(BUILT_PRODUCTS_DIR)/FixIt.app/FixIt";
			};
			name = Debug;
		};
		BD6725C423B4158500AB0D5D /* Release */ = {
			isa = XCBuildConfiguration;
			baseConfigurationReference = 1B2034D133D06D74018D25BE /* Pods-FixItTests.release.xcconfig */;
			buildSettings = {
				BUNDLE_LOADER = "$(TEST_HOST)";
				CODE_SIGN_STYLE = Automatic;
				INFOPLIST_FILE = FixItTests/Info.plist;
				IPHONEOS_DEPLOYMENT_TARGET = 13.2;
				LD_RUNPATH_SEARCH_PATHS = (
					"$(inherited)",
					"@executable_path/Frameworks",
					"@loader_path/Frameworks",
				);
				PRODUCT_BUNDLE_IDENTIFIER = "Josiah-Agosto.FixItTests";
				PRODUCT_NAME = "$(TARGET_NAME)";
				SWIFT_VERSION = 5.0;
				TARGETED_DEVICE_FAMILY = "1,2";
				TEST_HOST = "$(BUILT_PRODUCTS_DIR)/FixIt.app/FixIt";
			};
			name = Release;
		};
		BDF98ECD236B804E007A4F3A /* Debug */ = {
			isa = XCBuildConfiguration;
			buildSettings = {
				ALWAYS_SEARCH_USER_PATHS = NO;
				CLANG_ANALYZER_NONNULL = YES;
				CLANG_ANALYZER_NUMBER_OBJECT_CONVERSION = YES_AGGRESSIVE;
				CLANG_CXX_LANGUAGE_STANDARD = "gnu++14";
				CLANG_CXX_LIBRARY = "libc++";
				CLANG_ENABLE_MODULES = YES;
				CLANG_ENABLE_OBJC_ARC = YES;
				CLANG_ENABLE_OBJC_WEAK = YES;
				CLANG_WARN_BLOCK_CAPTURE_AUTORELEASING = YES;
				CLANG_WARN_BOOL_CONVERSION = YES;
				CLANG_WARN_COMMA = YES;
				CLANG_WARN_CONSTANT_CONVERSION = YES;
				CLANG_WARN_DEPRECATED_OBJC_IMPLEMENTATIONS = YES;
				CLANG_WARN_DIRECT_OBJC_ISA_USAGE = YES_ERROR;
				CLANG_WARN_DOCUMENTATION_COMMENTS = YES;
				CLANG_WARN_EMPTY_BODY = YES;
				CLANG_WARN_ENUM_CONVERSION = YES;
				CLANG_WARN_INFINITE_RECURSION = YES;
				CLANG_WARN_INT_CONVERSION = YES;
				CLANG_WARN_NON_LITERAL_NULL_CONVERSION = YES;
				CLANG_WARN_OBJC_IMPLICIT_RETAIN_SELF = YES;
				CLANG_WARN_OBJC_LITERAL_CONVERSION = YES;
				CLANG_WARN_OBJC_ROOT_CLASS = YES_ERROR;
				CLANG_WARN_QUOTED_INCLUDE_IN_FRAMEWORK_HEADER = YES;
				CLANG_WARN_RANGE_LOOP_ANALYSIS = YES;
				CLANG_WARN_STRICT_PROTOTYPES = YES;
				CLANG_WARN_SUSPICIOUS_MOVE = YES;
				CLANG_WARN_UNGUARDED_AVAILABILITY = YES_AGGRESSIVE;
				CLANG_WARN_UNREACHABLE_CODE = YES;
				CLANG_WARN__DUPLICATE_METHOD_MATCH = YES;
				COPY_PHASE_STRIP = NO;
				DEBUG_INFORMATION_FORMAT = dwarf;
				ENABLE_STRICT_OBJC_MSGSEND = YES;
				ENABLE_TESTABILITY = YES;
				GCC_C_LANGUAGE_STANDARD = gnu11;
				GCC_DYNAMIC_NO_PIC = NO;
				GCC_NO_COMMON_BLOCKS = YES;
				GCC_OPTIMIZATION_LEVEL = 0;
				GCC_PREPROCESSOR_DEFINITIONS = (
					"DEBUG=1",
					"$(inherited)",
				);
				GCC_WARN_64_TO_32_BIT_CONVERSION = YES;
				GCC_WARN_ABOUT_RETURN_TYPE = YES_ERROR;
				GCC_WARN_UNDECLARED_SELECTOR = YES;
				GCC_WARN_UNINITIALIZED_AUTOS = YES_AGGRESSIVE;
				GCC_WARN_UNUSED_FUNCTION = YES;
				GCC_WARN_UNUSED_VARIABLE = YES;
				IPHONEOS_DEPLOYMENT_TARGET = 13.0;
				MTL_ENABLE_DEBUG_INFO = INCLUDE_SOURCE;
				MTL_FAST_MATH = YES;
				ONLY_ACTIVE_ARCH = YES;
				SDKROOT = iphoneos;
				SWIFT_ACTIVE_COMPILATION_CONDITIONS = DEBUG;
				SWIFT_OPTIMIZATION_LEVEL = "-Onone";
			};
			name = Debug;
		};
		BDF98ECE236B804E007A4F3A /* Release */ = {
			isa = XCBuildConfiguration;
			buildSettings = {
				ALWAYS_SEARCH_USER_PATHS = NO;
				CLANG_ANALYZER_NONNULL = YES;
				CLANG_ANALYZER_NUMBER_OBJECT_CONVERSION = YES_AGGRESSIVE;
				CLANG_CXX_LANGUAGE_STANDARD = "gnu++14";
				CLANG_CXX_LIBRARY = "libc++";
				CLANG_ENABLE_MODULES = YES;
				CLANG_ENABLE_OBJC_ARC = YES;
				CLANG_ENABLE_OBJC_WEAK = YES;
				CLANG_WARN_BLOCK_CAPTURE_AUTORELEASING = YES;
				CLANG_WARN_BOOL_CONVERSION = YES;
				CLANG_WARN_COMMA = YES;
				CLANG_WARN_CONSTANT_CONVERSION = YES;
				CLANG_WARN_DEPRECATED_OBJC_IMPLEMENTATIONS = YES;
				CLANG_WARN_DIRECT_OBJC_ISA_USAGE = YES_ERROR;
				CLANG_WARN_DOCUMENTATION_COMMENTS = YES;
				CLANG_WARN_EMPTY_BODY = YES;
				CLANG_WARN_ENUM_CONVERSION = YES;
				CLANG_WARN_INFINITE_RECURSION = YES;
				CLANG_WARN_INT_CONVERSION = YES;
				CLANG_WARN_NON_LITERAL_NULL_CONVERSION = YES;
				CLANG_WARN_OBJC_IMPLICIT_RETAIN_SELF = YES;
				CLANG_WARN_OBJC_LITERAL_CONVERSION = YES;
				CLANG_WARN_OBJC_ROOT_CLASS = YES_ERROR;
				CLANG_WARN_QUOTED_INCLUDE_IN_FRAMEWORK_HEADER = YES;
				CLANG_WARN_RANGE_LOOP_ANALYSIS = YES;
				CLANG_WARN_STRICT_PROTOTYPES = YES;
				CLANG_WARN_SUSPICIOUS_MOVE = YES;
				CLANG_WARN_UNGUARDED_AVAILABILITY = YES_AGGRESSIVE;
				CLANG_WARN_UNREACHABLE_CODE = YES;
				CLANG_WARN__DUPLICATE_METHOD_MATCH = YES;
				COPY_PHASE_STRIP = NO;
				DEBUG_INFORMATION_FORMAT = "dwarf-with-dsym";
				ENABLE_NS_ASSERTIONS = NO;
				ENABLE_STRICT_OBJC_MSGSEND = YES;
				GCC_C_LANGUAGE_STANDARD = gnu11;
				GCC_NO_COMMON_BLOCKS = YES;
				GCC_WARN_64_TO_32_BIT_CONVERSION = YES;
				GCC_WARN_ABOUT_RETURN_TYPE = YES_ERROR;
				GCC_WARN_UNDECLARED_SELECTOR = YES;
				GCC_WARN_UNINITIALIZED_AUTOS = YES_AGGRESSIVE;
				GCC_WARN_UNUSED_FUNCTION = YES;
				GCC_WARN_UNUSED_VARIABLE = YES;
				IPHONEOS_DEPLOYMENT_TARGET = 13.0;
				MTL_ENABLE_DEBUG_INFO = NO;
				MTL_FAST_MATH = YES;
				SDKROOT = iphoneos;
				SWIFT_COMPILATION_MODE = wholemodule;
				SWIFT_OPTIMIZATION_LEVEL = "-O";
				VALIDATE_PRODUCT = YES;
			};
			name = Release;
		};
		BDF98ED0236B804E007A4F3A /* Debug */ = {
			isa = XCBuildConfiguration;
			baseConfigurationReference = 83C2C51B8508DF2539A7DB3B /* Pods-FixIt.debug.xcconfig */;
			buildSettings = {
				ASSETCATALOG_COMPILER_APPICON_NAME = AppIcon;
				CODE_SIGN_STYLE = Automatic;
				DEVELOPMENT_TEAM = 55T4UN5QF4;
				INFOPLIST_FILE = FixIt/Info.plist;
				LD_RUNPATH_SEARCH_PATHS = (
					"$(inherited)",
					"@executable_path/Frameworks",
				);
				PRODUCT_BUNDLE_IDENTIFIER = "com.Josiah-Agosto.FixIt";
				PRODUCT_NAME = "$(TARGET_NAME)";
				SWIFT_VERSION = 5.0;
				TARGETED_DEVICE_FAMILY = 1;
			};
			name = Debug;
		};
		BDF98ED1236B804E007A4F3A /* Release */ = {
			isa = XCBuildConfiguration;
			baseConfigurationReference = 97C233DC4C078B8A54992D90 /* Pods-FixIt.release.xcconfig */;
			buildSettings = {
				ASSETCATALOG_COMPILER_APPICON_NAME = AppIcon;
				CODE_SIGN_STYLE = Automatic;
				DEVELOPMENT_TEAM = 55T4UN5QF4;
				INFOPLIST_FILE = FixIt/Info.plist;
				LD_RUNPATH_SEARCH_PATHS = (
					"$(inherited)",
					"@executable_path/Frameworks",
				);
				PRODUCT_BUNDLE_IDENTIFIER = "com.Josiah-Agosto.FixIt";
				PRODUCT_NAME = "$(TARGET_NAME)";
				SWIFT_VERSION = 5.0;
				TARGETED_DEVICE_FAMILY = 1;
			};
			name = Release;
		};
/* End XCBuildConfiguration section */

/* Begin XCConfigurationList section */
		BD6725C223B4158500AB0D5D /* Build configuration list for PBXNativeTarget "FixItTests" */ = {
			isa = XCConfigurationList;
			buildConfigurations = (
				BD6725C323B4158500AB0D5D /* Debug */,
				BD6725C423B4158500AB0D5D /* Release */,
			);
			defaultConfigurationIsVisible = 0;
			defaultConfigurationName = Release;
		};
		BDF98EB3236B8047007A4F3A /* Build configuration list for PBXProject "FixIt" */ = {
			isa = XCConfigurationList;
			buildConfigurations = (
				BDF98ECD236B804E007A4F3A /* Debug */,
				BDF98ECE236B804E007A4F3A /* Release */,
			);
			defaultConfigurationIsVisible = 0;
			defaultConfigurationName = Release;
		};
		BDF98ECF236B804E007A4F3A /* Build configuration list for PBXNativeTarget "FixIt" */ = {
			isa = XCConfigurationList;
			buildConfigurations = (
				BDF98ED0236B804E007A4F3A /* Debug */,
				BDF98ED1236B804E007A4F3A /* Release */,
			);
			defaultConfigurationIsVisible = 0;
			defaultConfigurationName = Release;
		};
/* End XCConfigurationList section */
	};
	rootObject = BDF98EB0236B8047007A4F3A /* Project object */;
}
