// !$*UTF8*$!
{
	archiveVersion = 1;
	classes = {
	};
	objectVersion = 51;
	objects = {

/* Begin PBXBuildFile section */
		BDF98EBC236B8047007A4F3A /* AppDelegate.swift in Sources */ = {isa = PBXBuildFile; fileRef = BDF98EBB236B8047007A4F3A /* AppDelegate.swift */; };
		BDF98EBE236B8047007A4F3A /* SceneDelegate.swift in Sources */ = {isa = PBXBuildFile; fileRef = BDF98EBD236B8047007A4F3A /* SceneDelegate.swift */; };
		BDF98EC0236B8047007A4F3A /* Home.swift in Sources */ = {isa = PBXBuildFile; fileRef = BDF98EBF236B8047007A4F3A /* Home.swift */; };
		BDF98EC8236B804E007A4F3A /* Assets.xcassets in Resources */ = {isa = PBXBuildFile; fileRef = BDF98EC7236B804E007A4F3A /* Assets.xcassets */; };
		BDF98ECB236B804E007A4F3A /* LaunchScreen.storyboard in Resources */ = {isa = PBXBuildFile; fileRef = BDF98EC9236B804E007A4F3A /* LaunchScreen.storyboard */; };
		BDF98ED7236B8EBD007A4F3A /* LoginScreen.swift in Sources */ = {isa = PBXBuildFile; fileRef = BDF98ED6236B8EBD007A4F3A /* LoginScreen.swift */; };
		BDF98ED9236B946B007A4F3A /* GoogleService-Info.plist in Resources */ = {isa = PBXBuildFile; fileRef = BDF98ED8236B946B007A4F3A /* GoogleService-Info.plist */; };
		BDF98EDF236BC943007A4F3A /* SignUpController.swift in Sources */ = {isa = PBXBuildFile; fileRef = BDF98EDE236BC943007A4F3A /* SignUpController.swift */; };
		BDF98EE2236C8A5C007A4F3A /* CustomerCell.swift in Sources */ = {isa = PBXBuildFile; fileRef = BDF98EE1236C8A5C007A4F3A /* CustomerCell.swift */; };
		BDF98EF4236E0511007A4F3A /* Constants.swift in Sources */ = {isa = PBXBuildFile; fileRef = BDF98EF3236E0511007A4F3A /* Constants.swift */; };
		BDF98EF6236E22CC007A4F3A /* CustomerModel.swift in Sources */ = {isa = PBXBuildFile; fileRef = BDF98EF5236E22CC007A4F3A /* CustomerModel.swift */; };
		BDF98EF8236E2334007A4F3A /* EmployeeModel.swift in Sources */ = {isa = PBXBuildFile; fileRef = BDF98EF7236E2334007A4F3A /* EmployeeModel.swift */; };
		BDF98EFF236E484B007A4F3A /* NewTaskView.swift in Sources */ = {isa = PBXBuildFile; fileRef = BDF98EFE236E484B007A4F3A /* NewTaskView.swift */; };
		BDF98F01236E592C007A4F3A /* TaskDataModel.swift in Sources */ = {isa = PBXBuildFile; fileRef = BDF98F00236E592C007A4F3A /* TaskDataModel.swift */; };
		BDF98F0723709F6D007A4F3A /* UserProfile.swift in Sources */ = {isa = PBXBuildFile; fileRef = BDF98F0623709F6D007A4F3A /* UserProfile.swift */; };
		BDF98F0A2370C1E7007A4F3A /* ProfileDataModel.swift in Sources */ = {isa = PBXBuildFile; fileRef = BDF98F092370C1E7007A4F3A /* ProfileDataModel.swift */; };
		BDF98F0D2372205B007A4F3A /* MapViewController.swift in Sources */ = {isa = PBXBuildFile; fileRef = BDF98F0C2372205B007A4F3A /* MapViewController.swift */; };
		BDF98F1123729DB7007A4F3A /* UserLocationDelegate.swift in Sources */ = {isa = PBXBuildFile; fileRef = BDF98F1023729DB7007A4F3A /* UserLocationDelegate.swift */; };
		BDF98F132377B0BC007A4F3A /* UserTaskModel.swift in Sources */ = {isa = PBXBuildFile; fileRef = BDF98F122377B0BC007A4F3A /* UserTaskModel.swift */; };
		C87FB683170D164CCF4B46E9 /* Pods_FixIt.framework in Frameworks */ = {isa = PBXBuildFile; fileRef = 8EB849628EBC261BA254149A /* Pods_FixIt.framework */; };
/* End PBXBuildFile section */

/* Begin PBXFileReference section */
		3BE90E8DAB03F1C8E5D08D52 /* Pods-FixIt.debug.xcconfig */ = {isa = PBXFileReference; includeInIndex = 1; lastKnownFileType = text.xcconfig; name = "Pods-FixIt.debug.xcconfig"; path = "Target Support Files/Pods-FixIt/Pods-FixIt.debug.xcconfig"; sourceTree = "<group>"; };
		8EB849628EBC261BA254149A /* Pods_FixIt.framework */ = {isa = PBXFileReference; explicitFileType = wrapper.framework; includeInIndex = 0; path = Pods_FixIt.framework; sourceTree = BUILT_PRODUCTS_DIR; };
		8FB8D913EC9EEBA0FC54A6FF /* Pods-FixIt.release.xcconfig */ = {isa = PBXFileReference; includeInIndex = 1; lastKnownFileType = text.xcconfig; name = "Pods-FixIt.release.xcconfig"; path = "Target Support Files/Pods-FixIt/Pods-FixIt.release.xcconfig"; sourceTree = "<group>"; };
		BDF98EB8236B8047007A4F3A /* FixIt.app */ = {isa = PBXFileReference; explicitFileType = wrapper.application; includeInIndex = 0; path = FixIt.app; sourceTree = BUILT_PRODUCTS_DIR; };
		BDF98EBB236B8047007A4F3A /* AppDelegate.swift */ = {isa = PBXFileReference; lastKnownFileType = sourcecode.swift; path = AppDelegate.swift; sourceTree = "<group>"; };
		BDF98EBD236B8047007A4F3A /* SceneDelegate.swift */ = {isa = PBXFileReference; lastKnownFileType = sourcecode.swift; path = SceneDelegate.swift; sourceTree = "<group>"; };
		BDF98EBF236B8047007A4F3A /* Home.swift */ = {isa = PBXFileReference; lastKnownFileType = sourcecode.swift; path = Home.swift; sourceTree = "<group>"; };
		BDF98EC7236B804E007A4F3A /* Assets.xcassets */ = {isa = PBXFileReference; lastKnownFileType = folder.assetcatalog; path = Assets.xcassets; sourceTree = "<group>"; };
		BDF98ECA236B804E007A4F3A /* Base */ = {isa = PBXFileReference; lastKnownFileType = file.storyboard; name = Base; path = Base.lproj/LaunchScreen.storyboard; sourceTree = "<group>"; };
		BDF98ECC236B804E007A4F3A /* Info.plist */ = {isa = PBXFileReference; lastKnownFileType = text.plist.xml; path = Info.plist; sourceTree = "<group>"; };
		BDF98ED6236B8EBD007A4F3A /* LoginScreen.swift */ = {isa = PBXFileReference; lastKnownFileType = sourcecode.swift; path = LoginScreen.swift; sourceTree = "<group>"; };
		BDF98ED8236B946B007A4F3A /* GoogleService-Info.plist */ = {isa = PBXFileReference; fileEncoding = 4; lastKnownFileType = text.plist.xml; path = "GoogleService-Info.plist"; sourceTree = "<group>"; };
		BDF98EDE236BC943007A4F3A /* SignUpController.swift */ = {isa = PBXFileReference; lastKnownFileType = sourcecode.swift; path = SignUpController.swift; sourceTree = "<group>"; };
		BDF98EE1236C8A5C007A4F3A /* CustomerCell.swift */ = {isa = PBXFileReference; lastKnownFileType = sourcecode.swift; path = CustomerCell.swift; sourceTree = "<group>"; };
		BDF98EF3236E0511007A4F3A /* Constants.swift */ = {isa = PBXFileReference; lastKnownFileType = sourcecode.swift; path = Constants.swift; sourceTree = "<group>"; };
		BDF98EF5236E22CC007A4F3A /* CustomerModel.swift */ = {isa = PBXFileReference; lastKnownFileType = sourcecode.swift; path = CustomerModel.swift; sourceTree = "<group>"; };
		BDF98EF7236E2334007A4F3A /* EmployeeModel.swift */ = {isa = PBXFileReference; lastKnownFileType = sourcecode.swift; path = EmployeeModel.swift; sourceTree = "<group>"; };
		BDF98EFE236E484B007A4F3A /* NewTaskView.swift */ = {isa = PBXFileReference; lastKnownFileType = sourcecode.swift; path = NewTaskView.swift; sourceTree = "<group>"; };
		BDF98F00236E592C007A4F3A /* TaskDataModel.swift */ = {isa = PBXFileReference; lastKnownFileType = sourcecode.swift; path = TaskDataModel.swift; sourceTree = "<group>"; };
		BDF98F0623709F6D007A4F3A /* UserProfile.swift */ = {isa = PBXFileReference; lastKnownFileType = sourcecode.swift; path = UserProfile.swift; sourceTree = "<group>"; };
		BDF98F092370C1E7007A4F3A /* ProfileDataModel.swift */ = {isa = PBXFileReference; lastKnownFileType = sourcecode.swift; path = ProfileDataModel.swift; sourceTree = "<group>"; };
		BDF98F0C2372205B007A4F3A /* MapViewController.swift */ = {isa = PBXFileReference; lastKnownFileType = sourcecode.swift; path = MapViewController.swift; sourceTree = "<group>"; };
		BDF98F1023729DB7007A4F3A /* UserLocationDelegate.swift */ = {isa = PBXFileReference; lastKnownFileType = sourcecode.swift; path = UserLocationDelegate.swift; sourceTree = "<group>"; };
		BDF98F122377B0BC007A4F3A /* UserTaskModel.swift */ = {isa = PBXFileReference; lastKnownFileType = sourcecode.swift; path = UserTaskModel.swift; sourceTree = "<group>"; };
/* End PBXFileReference section */

/* Begin PBXFrameworksBuildPhase section */
		BDF98EB5236B8047007A4F3A /* Frameworks */ = {
			isa = PBXFrameworksBuildPhase;
			buildActionMask = 2147483647;
			files = (
				C87FB683170D164CCF4B46E9 /* Pods_FixIt.framework in Frameworks */,
			);
			runOnlyForDeploymentPostprocessing = 0;
		};
/* End PBXFrameworksBuildPhase section */

/* Begin PBXGroup section */
		1F8E865535AA673165D68F38 /* Pods */ = {
			isa = PBXGroup;
			children = (
				3BE90E8DAB03F1C8E5D08D52 /* Pods-FixIt.debug.xcconfig */,
				8FB8D913EC9EEBA0FC54A6FF /* Pods-FixIt.release.xcconfig */,
			);
			path = Pods;
			sourceTree = "<group>";
		};
		81E04852E07A03BDB18A62E1 /* Frameworks */ = {
			isa = PBXGroup;
			children = (
				8EB849628EBC261BA254149A /* Pods_FixIt.framework */,
			);
			name = Frameworks;
			sourceTree = "<group>";
		};
		BDF98EAF236B8047007A4F3A = {
			isa = PBXGroup;
			children = (
				BDF98EBA236B8047007A4F3A /* FixIt */,
				BDF98EB9236B8047007A4F3A /* Products */,
				1F8E865535AA673165D68F38 /* Pods */,
				81E04852E07A03BDB18A62E1 /* Frameworks */,
			);
			sourceTree = "<group>";
		};
		BDF98EB9236B8047007A4F3A /* Products */ = {
			isa = PBXGroup;
			children = (
				BDF98EB8236B8047007A4F3A /* FixIt.app */,
			);
			name = Products;
			sourceTree = "<group>";
		};
		BDF98EBA236B8047007A4F3A /* FixIt */ = {
			isa = PBXGroup;
			children = (
				BDF98EBB236B8047007A4F3A /* AppDelegate.swift */,
				BDF98EBD236B8047007A4F3A /* SceneDelegate.swift */,
				BDF98EF2236E04FF007A4F3A /* Constants */,
				BDF98ED2236B844F007A4F3A /* Login */,
				BDF98ED3236B8456007A4F3A /* CustomerHome */,
				BDF98F0523709F4C007A4F3A /* UserProfile */,
				BDF98ED5236B8467007A4F3A /* Network Manager */,
				BDF98ED4236B8462007A4F3A /* Models */,
				BDF98EC7236B804E007A4F3A /* Assets.xcassets */,
				BDF98EC9236B804E007A4F3A /* LaunchScreen.storyboard */,
				BDF98ECC236B804E007A4F3A /* Info.plist */,
				BDF98ED8236B946B007A4F3A /* GoogleService-Info.plist */,
			);
			path = FixIt;
			sourceTree = "<group>";
		};
		BDF98ED2236B844F007A4F3A /* Login */ = {
			isa = PBXGroup;
			children = (
				BDF98ED6236B8EBD007A4F3A /* LoginScreen.swift */,
				BDF98F1023729DB7007A4F3A /* UserLocationDelegate.swift */,
				BDF98EE0236BCEF2007A4F3A /* SignUp */,
			);
			path = Login;
			sourceTree = "<group>";
		};
		BDF98ED3236B8456007A4F3A /* CustomerHome */ = {
			isa = PBXGroup;
			children = (
				BDF98EBF236B8047007A4F3A /* Home.swift */,
				BDF98EE1236C8A5C007A4F3A /* CustomerCell.swift */,
				BDF98EFD236E4832007A4F3A /* NewTask */,
			);
			path = CustomerHome;
			sourceTree = "<group>";
		};
		BDF98ED4236B8462007A4F3A /* Models */ = {
			isa = PBXGroup;
			children = (
				BDF98EF5236E22CC007A4F3A /* CustomerModel.swift */,
				BDF98EF7236E2334007A4F3A /* EmployeeModel.swift */,
				BDF98F122377B0BC007A4F3A /* UserTaskModel.swift */,
			);
			path = Models;
			sourceTree = "<group>";
		};
		BDF98ED5236B8467007A4F3A /* Network Manager */ = {
			isa = PBXGroup;
			children = (
				BDF98F082370C1D6007A4F3A /* DataModels */,
			);
			path = "Network Manager";
			sourceTree = "<group>";
		};
		BDF98EE0236BCEF2007A4F3A /* SignUp */ = {
			isa = PBXGroup;
			children = (
				BDF98EDE236BC943007A4F3A /* SignUpController.swift */,
				BDF98F0B2372200E007A4F3A /* MapView */,
			);
			path = SignUp;
			sourceTree = "<group>";
		};
		BDF98EF2236E04FF007A4F3A /* Constants */ = {
			isa = PBXGroup;
			children = (
				BDF98EF3236E0511007A4F3A /* Constants.swift */,
			);
			path = Constants;
			sourceTree = "<group>";
		};
		BDF98EFD236E4832007A4F3A /* NewTask */ = {
			isa = PBXGroup;
			children = (
				BDF98EFE236E484B007A4F3A /* NewTaskView.swift */,
			);
			path = NewTask;
			sourceTree = "<group>";
		};
		BDF98F0523709F4C007A4F3A /* UserProfile */ = {
			isa = PBXGroup;
			children = (
				BDF98F0623709F6D007A4F3A /* UserProfile.swift */,
			);
			path = UserProfile;
			sourceTree = "<group>";
		};
		BDF98F082370C1D6007A4F3A /* DataModels */ = {
			isa = PBXGroup;
			children = (
				BDF98F092370C1E7007A4F3A /* ProfileDataModel.swift */,
				BDF98F00236E592C007A4F3A /* TaskDataModel.swift */,
			);
			path = DataModels;
			sourceTree = "<group>";
		};
		BDF98F0B2372200E007A4F3A /* MapView */ = {
			isa = PBXGroup;
			children = (
				BDF98F0C2372205B007A4F3A /* MapViewController.swift */,
			);
			path = MapView;
			sourceTree = "<group>";
		};
/* End PBXGroup section */

/* Begin PBXNativeTarget section */
		BDF98EB7236B8047007A4F3A /* FixIt */ = {
			isa = PBXNativeTarget;
			buildConfigurationList = BDF98ECF236B804E007A4F3A /* Build configuration list for PBXNativeTarget "FixIt" */;
			buildPhases = (
				F8100D2FDACCD22426B836CC /* [CP] Check Pods Manifest.lock */,
				BDF98EB4236B8047007A4F3A /* Sources */,
				BDF98EB5236B8047007A4F3A /* Frameworks */,
				BDF98EB6236B8047007A4F3A /* Resources */,
				1679760D898CE12782E54B3C /* [CP] Embed Pods Frameworks */,
			);
			buildRules = (
			);
			dependencies = (
			);
			name = FixIt;
			productName = FixIt;
			productReference = BDF98EB8236B8047007A4F3A /* FixIt.app */;
			productType = "com.apple.product-type.application";
		};
/* End PBXNativeTarget section */

/* Begin PBXProject section */
		BDF98EB0236B8047007A4F3A /* Project object */ = {
			isa = PBXProject;
			attributes = {
				LastSwiftUpdateCheck = 1110;
				LastUpgradeCheck = 1110;
				ORGANIZATIONNAME = "Josiah Agosto";
				TargetAttributes = {
					BDF98EB7236B8047007A4F3A = {
						CreatedOnToolsVersion = 11.1;
					};
				};
			};
			buildConfigurationList = BDF98EB3236B8047007A4F3A /* Build configuration list for PBXProject "FixIt" */;
			compatibilityVersion = "Xcode 9.3";
			developmentRegion = en;
			hasScannedForEncodings = 0;
			knownRegions = (
				en,
				Base,
			);
			mainGroup = BDF98EAF236B8047007A4F3A;
			productRefGroup = BDF98EB9236B8047007A4F3A /* Products */;
			projectDirPath = "";
			projectRoot = "";
			targets = (
				BDF98EB7236B8047007A4F3A /* FixIt */,
			);
		};
/* End PBXProject section */

/* Begin PBXResourcesBuildPhase section */
		BDF98EB6236B8047007A4F3A /* Resources */ = {
			isa = PBXResourcesBuildPhase;
			buildActionMask = 2147483647;
			files = (
				BDF98ECB236B804E007A4F3A /* LaunchScreen.storyboard in Resources */,
				BDF98EC8236B804E007A4F3A /* Assets.xcassets in Resources */,
				BDF98ED9236B946B007A4F3A /* GoogleService-Info.plist in Resources */,
			);
			runOnlyForDeploymentPostprocessing = 0;
		};
/* End PBXResourcesBuildPhase section */

/* Begin PBXShellScriptBuildPhase section */
		1679760D898CE12782E54B3C /* [CP] Embed Pods Frameworks */ = {
			isa = PBXShellScriptBuildPhase;
			buildActionMask = 2147483647;
			files = (
			);
			inputFileListPaths = (
				"${PODS_ROOT}/Target Support Files/Pods-FixIt/Pods-FixIt-frameworks-${CONFIGURATION}-input-files.xcfilelist",
			);
			name = "[CP] Embed Pods Frameworks";
			outputFileListPaths = (
				"${PODS_ROOT}/Target Support Files/Pods-FixIt/Pods-FixIt-frameworks-${CONFIGURATION}-output-files.xcfilelist",
			);
			runOnlyForDeploymentPostprocessing = 0;
			shellPath = /bin/sh;
			shellScript = "\"${PODS_ROOT}/Target Support Files/Pods-FixIt/Pods-FixIt-frameworks.sh\"\n";
			showEnvVarsInLog = 0;
		};
		F8100D2FDACCD22426B836CC /* [CP] Check Pods Manifest.lock */ = {
			isa = PBXShellScriptBuildPhase;
			buildActionMask = 2147483647;
			files = (
			);
			inputFileListPaths = (
			);
			inputPaths = (
				"${PODS_PODFILE_DIR_PATH}/Podfile.lock",
				"${PODS_ROOT}/Manifest.lock",
			);
			name = "[CP] Check Pods Manifest.lock";
			outputFileListPaths = (
			);
			outputPaths = (
				"$(DERIVED_FILE_DIR)/Pods-FixIt-checkManifestLockResult.txt",
			);
			runOnlyForDeploymentPostprocessing = 0;
			shellPath = /bin/sh;
			shellScript = "diff \"${PODS_PODFILE_DIR_PATH}/Podfile.lock\" \"${PODS_ROOT}/Manifest.lock\" > /dev/null\nif [ $? != 0 ] ; then\n    # print error to STDERR\n    echo \"error: The sandbox is not in sync with the Podfile.lock. Run 'pod install' or update your CocoaPods installation.\" >&2\n    exit 1\nfi\n# This output is used by Xcode 'outputs' to avoid re-running this script phase.\necho \"SUCCESS\" > \"${SCRIPT_OUTPUT_FILE_0}\"\n";
			showEnvVarsInLog = 0;
		};
/* End PBXShellScriptBuildPhase section */

/* Begin PBXSourcesBuildPhase section */
		BDF98EB4236B8047007A4F3A /* Sources */ = {
			isa = PBXSourcesBuildPhase;
			buildActionMask = 2147483647;
			files = (
				BDF98EC0236B8047007A4F3A /* Home.swift in Sources */,
				BDF98F132377B0BC007A4F3A /* UserTaskModel.swift in Sources */,
				BDF98EBC236B8047007A4F3A /* AppDelegate.swift in Sources */,
				BDF98F0723709F6D007A4F3A /* UserProfile.swift in Sources */,
				BDF98EBE236B8047007A4F3A /* SceneDelegate.swift in Sources */,
				BDF98F1123729DB7007A4F3A /* UserLocationDelegate.swift in Sources */,
				BDF98EF6236E22CC007A4F3A /* CustomerModel.swift in Sources */,
				BDF98F0A2370C1E7007A4F3A /* ProfileDataModel.swift in Sources */,
				BDF98F01236E592C007A4F3A /* TaskDataModel.swift in Sources */,
				BDF98EDF236BC943007A4F3A /* SignUpController.swift in Sources */,
				BDF98EE2236C8A5C007A4F3A /* CustomerCell.swift in Sources */,
				BDF98EFF236E484B007A4F3A /* NewTaskView.swift in Sources */,
				BDF98ED7236B8EBD007A4F3A /* LoginScreen.swift in Sources */,
				BDF98EF8236E2334007A4F3A /* EmployeeModel.swift in Sources */,
				BDF98EF4236E0511007A4F3A /* Constants.swift in Sources */,
				BDF98F0D2372205B007A4F3A /* MapViewController.swift in Sources */,
			);
			runOnlyForDeploymentPostprocessing = 0;
		};
/* End PBXSourcesBuildPhase section */

/* Begin PBXVariantGroup section */
		BDF98EC9236B804E007A4F3A /* LaunchScreen.storyboard */ = {
			isa = PBXVariantGroup;
			children = (
				BDF98ECA236B804E007A4F3A /* Base */,
			);
			name = LaunchScreen.storyboard;
			sourceTree = "<group>";
		};
/* End PBXVariantGroup section */

/* Begin XCBuildConfiguration section */
		BDF98ECD236B804E007A4F3A /* Debug */ = {
			isa = XCBuildConfiguration;
			buildSettings = {
				ALWAYS_SEARCH_USER_PATHS = NO;
				CLANG_ANALYZER_NONNULL = YES;
				CLANG_ANALYZER_NUMBER_OBJECT_CONVERSION = YES_AGGRESSIVE;
				CLANG_CXX_LANGUAGE_STANDARD = "gnu++14";
				CLANG_CXX_LIBRARY = "libc++";
				CLANG_ENABLE_MODULES = YES;
				CLANG_ENABLE_OBJC_ARC = YES;
				CLANG_ENABLE_OBJC_WEAK = YES;
				CLANG_WARN_BLOCK_CAPTURE_AUTORELEASING = YES;
				CLANG_WARN_BOOL_CONVERSION = YES;
				CLANG_WARN_COMMA = YES;
				CLANG_WARN_CONSTANT_CONVERSION = YES;
				CLANG_WARN_DEPRECATED_OBJC_IMPLEMENTATIONS = YES;
				CLANG_WARN_DIRECT_OBJC_ISA_USAGE = YES_ERROR;
				CLANG_WARN_DOCUMENTATION_COMMENTS = YES;
				CLANG_WARN_EMPTY_BODY = YES;
				CLANG_WARN_ENUM_CONVERSION = YES;
				CLANG_WARN_INFINITE_RECURSION = YES;
				CLANG_WARN_INT_CONVERSION = YES;
				CLANG_WARN_NON_LITERAL_NULL_CONVERSION = YES;
				CLANG_WARN_OBJC_IMPLICIT_RETAIN_SELF = YES;
				CLANG_WARN_OBJC_LITERAL_CONVERSION = YES;
				CLANG_WARN_OBJC_ROOT_CLASS = YES_ERROR;
				CLANG_WARN_RANGE_LOOP_ANALYSIS = YES;
				CLANG_WARN_STRICT_PROTOTYPES = YES;
				CLANG_WARN_SUSPICIOUS_MOVE = YES;
				CLANG_WARN_UNGUARDED_AVAILABILITY = YES_AGGRESSIVE;
				CLANG_WARN_UNREACHABLE_CODE = YES;
				CLANG_WARN__DUPLICATE_METHOD_MATCH = YES;
				COPY_PHASE_STRIP = NO;
				DEBUG_INFORMATION_FORMAT = dwarf;
				ENABLE_STRICT_OBJC_MSGSEND = YES;
				ENABLE_TESTABILITY = YES;
				GCC_C_LANGUAGE_STANDARD = gnu11;
				GCC_DYNAMIC_NO_PIC = NO;
				GCC_NO_COMMON_BLOCKS = YES;
				GCC_OPTIMIZATION_LEVEL = 0;
				GCC_PREPROCESSOR_DEFINITIONS = (
					"DEBUG=1",
					"$(inherited)",
				);
				GCC_WARN_64_TO_32_BIT_CONVERSION = YES;
				GCC_WARN_ABOUT_RETURN_TYPE = YES_ERROR;
				GCC_WARN_UNDECLARED_SELECTOR = YES;
				GCC_WARN_UNINITIALIZED_AUTOS = YES_AGGRESSIVE;
				GCC_WARN_UNUSED_FUNCTION = YES;
				GCC_WARN_UNUSED_VARIABLE = YES;
				IPHONEOS_DEPLOYMENT_TARGET = 13.1;
				MTL_ENABLE_DEBUG_INFO = INCLUDE_SOURCE;
				MTL_FAST_MATH = YES;
				ONLY_ACTIVE_ARCH = YES;
				SDKROOT = iphoneos;
				SWIFT_ACTIVE_COMPILATION_CONDITIONS = DEBUG;
				SWIFT_OPTIMIZATION_LEVEL = "-Onone";
			};
			name = Debug;
		};
		BDF98ECE236B804E007A4F3A /* Release */ = {
			isa = XCBuildConfiguration;
			buildSettings = {
				ALWAYS_SEARCH_USER_PATHS = NO;
				CLANG_ANALYZER_NONNULL = YES;
				CLANG_ANALYZER_NUMBER_OBJECT_CONVERSION = YES_AGGRESSIVE;
				CLANG_CXX_LANGUAGE_STANDARD = "gnu++14";
				CLANG_CXX_LIBRARY = "libc++";
				CLANG_ENABLE_MODULES = YES;
				CLANG_ENABLE_OBJC_ARC = YES;
				CLANG_ENABLE_OBJC_WEAK = YES;
				CLANG_WARN_BLOCK_CAPTURE_AUTORELEASING = YES;
				CLANG_WARN_BOOL_CONVERSION = YES;
				CLANG_WARN_COMMA = YES;
				CLANG_WARN_CONSTANT_CONVERSION = YES;
				CLANG_WARN_DEPRECATED_OBJC_IMPLEMENTATIONS = YES;
				CLANG_WARN_DIRECT_OBJC_ISA_USAGE = YES_ERROR;
				CLANG_WARN_DOCUMENTATION_COMMENTS = YES;
				CLANG_WARN_EMPTY_BODY = YES;
				CLANG_WARN_ENUM_CONVERSION = YES;
				CLANG_WARN_INFINITE_RECURSION = YES;
				CLANG_WARN_INT_CONVERSION = YES;
				CLANG_WARN_NON_LITERAL_NULL_CONVERSION = YES;
				CLANG_WARN_OBJC_IMPLICIT_RETAIN_SELF = YES;
				CLANG_WARN_OBJC_LITERAL_CONVERSION = YES;
				CLANG_WARN_OBJC_ROOT_CLASS = YES_ERROR;
				CLANG_WARN_RANGE_LOOP_ANALYSIS = YES;
				CLANG_WARN_STRICT_PROTOTYPES = YES;
				CLANG_WARN_SUSPICIOUS_MOVE = YES;
				CLANG_WARN_UNGUARDED_AVAILABILITY = YES_AGGRESSIVE;
				CLANG_WARN_UNREACHABLE_CODE = YES;
				CLANG_WARN__DUPLICATE_METHOD_MATCH = YES;
				COPY_PHASE_STRIP = NO;
				DEBUG_INFORMATION_FORMAT = "dwarf-with-dsym";
				ENABLE_NS_ASSERTIONS = NO;
				ENABLE_STRICT_OBJC_MSGSEND = YES;
				GCC_C_LANGUAGE_STANDARD = gnu11;
				GCC_NO_COMMON_BLOCKS = YES;
				GCC_WARN_64_TO_32_BIT_CONVERSION = YES;
				GCC_WARN_ABOUT_RETURN_TYPE = YES_ERROR;
				GCC_WARN_UNDECLARED_SELECTOR = YES;
				GCC_WARN_UNINITIALIZED_AUTOS = YES_AGGRESSIVE;
				GCC_WARN_UNUSED_FUNCTION = YES;
				GCC_WARN_UNUSED_VARIABLE = YES;
				IPHONEOS_DEPLOYMENT_TARGET = 13.1;
				MTL_ENABLE_DEBUG_INFO = NO;
				MTL_FAST_MATH = YES;
				SDKROOT = iphoneos;
				SWIFT_COMPILATION_MODE = wholemodule;
				SWIFT_OPTIMIZATION_LEVEL = "-O";
				VALIDATE_PRODUCT = YES;
			};
			name = Release;
		};
		BDF98ED0236B804E007A4F3A /* Debug */ = {
			isa = XCBuildConfiguration;
			baseConfigurationReference = 3BE90E8DAB03F1C8E5D08D52 /* Pods-FixIt.debug.xcconfig */;
			buildSettings = {
				ASSETCATALOG_COMPILER_APPICON_NAME = AppIcon;
				CODE_SIGN_STYLE = Automatic;
				INFOPLIST_FILE = FixIt/Info.plist;
				LD_RUNPATH_SEARCH_PATHS = (
					"$(inherited)",
					"@executable_path/Frameworks",
				);
				PRODUCT_BUNDLE_IDENTIFIER = "Josiah-Agosto.FixIt";
				PRODUCT_NAME = "$(TARGET_NAME)";
				SWIFT_VERSION = 5.0;
				TARGETED_DEVICE_FAMILY = 1;
			};
			name = Debug;
		};
		BDF98ED1236B804E007A4F3A /* Release */ = {
			isa = XCBuildConfiguration;
			baseConfigurationReference = 8FB8D913EC9EEBA0FC54A6FF /* Pods-FixIt.release.xcconfig */;
			buildSettings = {
				ASSETCATALOG_COMPILER_APPICON_NAME = AppIcon;
				CODE_SIGN_STYLE = Automatic;
				INFOPLIST_FILE = FixIt/Info.plist;
				LD_RUNPATH_SEARCH_PATHS = (
					"$(inherited)",
					"@executable_path/Frameworks",
				);
				PRODUCT_BUNDLE_IDENTIFIER = "Josiah-Agosto.FixIt";
				PRODUCT_NAME = "$(TARGET_NAME)";
				SWIFT_VERSION = 5.0;
				TARGETED_DEVICE_FAMILY = 1;
			};
			name = Release;
		};
/* End XCBuildConfiguration section */

/* Begin XCConfigurationList section */
		BDF98EB3236B8047007A4F3A /* Build configuration list for PBXProject "FixIt" */ = {
			isa = XCConfigurationList;
			buildConfigurations = (
				BDF98ECD236B804E007A4F3A /* Debug */,
				BDF98ECE236B804E007A4F3A /* Release */,
			);
			defaultConfigurationIsVisible = 0;
			defaultConfigurationName = Release;
		};
		BDF98ECF236B804E007A4F3A /* Build configuration list for PBXNativeTarget "FixIt" */ = {
			isa = XCConfigurationList;
			buildConfigurations = (
				BDF98ED0236B804E007A4F3A /* Debug */,
				BDF98ED1236B804E007A4F3A /* Release */,
			);
			defaultConfigurationIsVisible = 0;
			defaultConfigurationName = Release;
		};
/* End XCConfigurationList section */
	};
	rootObject = BDF98EB0236B8047007A4F3A /* Project object */;
}
